// !$*UTF8*$!
{
	archiveVersion = 1;
	classes = {
	};
	objectVersion = 46;
	objects = {

/* Begin PBXAggregateTarget section */
		0284641BA23743CB91347678 /* ZERO_CHECK */ = {
			isa = PBXAggregateTarget;
			buildConfigurationList = 4FC3C8F824DD49A282DA1866 /* Build configuration list for PBXAggregateTarget "ZERO_CHECK" */;
			buildPhases = (
				65ED2BB82A9BD866AC146964 /* Generate CMakeFiles/ZERO_CHECK */,
			);
			dependencies = (
			);
			name = ZERO_CHECK;
			productName = ZERO_CHECK;
		};
		0615DA79487146218E340B6C /* ALL_BUILD */ = {
			isa = PBXAggregateTarget;
			buildConfigurationList = 931E2F448AE941F5AA087B70 /* Build configuration list for PBXAggregateTarget "ALL_BUILD" */;
			buildPhases = (
				C36E241E10643DA90846C27E /* Generate CMakeFiles/ALL_BUILD */,
			);
			dependencies = (
				81C1FA11D26D413C817A7A04 /* PBXTargetDependency */,
				B6C13CC0148844C48028EC12 /* PBXTargetDependency */,
				C7DE69FE6E464694B428C655 /* PBXTargetDependency */,
				553F5F7A7A3A45C4A3847841 /* PBXTargetDependency */,
				197F0776F62F4972B99300F1 /* PBXTargetDependency */,
			);
			name = ALL_BUILD;
			productName = ALL_BUILD;
		};
/* End PBXAggregateTarget section */

/* Begin PBXBuildFile section */
		1192B474DF2D4824B4EDC5EA /* /Users/brock/dev/projects/Image-Processing-Tutorial-0-Setting-Up-OpenCV/contrast.cpp */ = {isa = PBXBuildFile; fileRef = BB1E7D92D86A490EB4FB162D /* /Users/brock/dev/projects/Image-Processing-Tutorial-0-Setting-Up-OpenCV/contrast.cpp */; };
		3BD387EBD2854515A20A2578 /* /Users/brock/dev/projects/Image-Processing-Tutorial-0-Setting-Up-OpenCV/brightness.cpp */ = {isa = PBXBuildFile; fileRef = 5A485BFC4EE74AC9A21FE9BD /* /Users/brock/dev/projects/Image-Processing-Tutorial-0-Setting-Up-OpenCV/brightness.cpp */; };
		43CEF59421A941FEA91F640E /* /Users/brock/dev/projects/Image-Processing-Tutorial-0-Setting-Up-OpenCV/CMakeLists.txt */ = {isa = PBXBuildFile; fileRef = B4E59D319ED74CB2976C75DF /* /Users/brock/dev/projects/Image-Processing-Tutorial-0-Setting-Up-OpenCV/CMakeLists.txt */; };
		86CFCD776B344F9D9CCD82FC /* /Users/brock/dev/projects/Image-Processing-Tutorial-0-Setting-Up-OpenCV/CMakeLists.txt */ = {isa = PBXBuildFile; fileRef = 43D37E7C1497400E81895753 /* /Users/brock/dev/projects/Image-Processing-Tutorial-0-Setting-Up-OpenCV/CMakeLists.txt */; };
		8EAB7765D1F14B89A7163415 /* /Users/brock/dev/projects/Image-Processing-Tutorial-0-Setting-Up-OpenCV/CMakeLists.txt */ = {isa = PBXBuildFile; fileRef = 743998CABBD74CB9B99CA1ED /* /Users/brock/dev/projects/Image-Processing-Tutorial-0-Setting-Up-OpenCV/CMakeLists.txt */; };
		9052F3846BC2454FA0191F31 /* /Users/brock/dev/projects/Image-Processing-Tutorial-0-Setting-Up-OpenCV/gray2binary.cpp */ = {isa = PBXBuildFile; fileRef = 3CAC9578DFE04204AFC9E205 /* /Users/brock/dev/projects/Image-Processing-Tutorial-0-Setting-Up-OpenCV/gray2binary.cpp */; };
		CF9E5F7B1B834E93AD5983DF /* /Users/brock/dev/projects/Image-Processing-Tutorial-0-Setting-Up-OpenCV/CMakeLists.txt */ = {isa = PBXBuildFile; fileRef = A81EF40E2CE74A4A9A8DB68D /* /Users/brock/dev/projects/Image-Processing-Tutorial-0-Setting-Up-OpenCV/CMakeLists.txt */; };
		D5B4DE9EF7F245DC8E0F5824 /* /Users/brock/dev/projects/Image-Processing-Tutorial-0-Setting-Up-OpenCV/rgb2gray.cpp */ = {isa = PBXBuildFile; fileRef = 4DDDB8AA08B2446BAE111E8A /* /Users/brock/dev/projects/Image-Processing-Tutorial-0-Setting-Up-OpenCV/rgb2gray.cpp */; };
/* End PBXBuildFile section */

/* Begin PBXBuildStyle section */
		066DC0D377284EA78CCB366C /* Debug */ = {
			isa = PBXBuildStyle;
			buildSettings = {
				COPY_PHASE_STRIP = NO;
			};
			name = Debug;
		};
		80A7BFEEE442415CAA8FF618 /* RelWithDebInfo */ = {
			isa = PBXBuildStyle;
			buildSettings = {
				COPY_PHASE_STRIP = NO;
			};
			name = RelWithDebInfo;
		};
		BB058E17C85D410EA857DB8F /* MinSizeRel */ = {
			isa = PBXBuildStyle;
			buildSettings = {
				COPY_PHASE_STRIP = NO;
			};
			name = MinSizeRel;
		};
		DD4BE98FD52C430BBD1F4215 /* Release */ = {
			isa = PBXBuildStyle;
			buildSettings = {
				COPY_PHASE_STRIP = NO;
			};
			name = Release;
		};
/* End PBXBuildStyle section */

/* Begin PBXContainerItemProxy section */
		05726172E0F64CBDAE624071 /* PBXContainerItemProxy */ = {
			isa = PBXContainerItemProxy;
			containerPortal = 91B06A3EF6AB43C38FED313D /* Project object */;
			proxyType = 1;
			remoteGlobalIDString = 0284641BA23743CB91347678;
			remoteInfo = ZERO_CHECK;
		};
		09F510F86178455B85FB34BB /* PBXContainerItemProxy */ = {
			isa = PBXContainerItemProxy;
			containerPortal = 91B06A3EF6AB43C38FED313D /* Project object */;
			proxyType = 1;
			remoteGlobalIDString = CFEC227B6B474169824C99C4;
			remoteInfo = rgb2gray;
		};
		0AEC2E477A4F442B9B57B44A /* PBXContainerItemProxy */ = {
			isa = PBXContainerItemProxy;
			containerPortal = 91B06A3EF6AB43C38FED313D /* Project object */;
			proxyType = 1;
			remoteGlobalIDString = 0284641BA23743CB91347678;
			remoteInfo = ZERO_CHECK;
		};
		1F1CB9211D9C4D11968366BD /* PBXContainerItemProxy */ = {
			isa = PBXContainerItemProxy;
			containerPortal = 91B06A3EF6AB43C38FED313D /* Project object */;
			proxyType = 1;
			remoteGlobalIDString = 63E328D368DB4AFBAFA9B2DD;
			remoteInfo = contrast;
		};
		25844191AC9E4A6BAF1F1EE8 /* PBXContainerItemProxy */ = {
			isa = PBXContainerItemProxy;
			containerPortal = 91B06A3EF6AB43C38FED313D /* Project object */;
			proxyType = 1;
			remoteGlobalIDString = 0284641BA23743CB91347678;
			remoteInfo = ZERO_CHECK;
		};
		27A02EEF071E411D93DFFEBF /* PBXContainerItemProxy */ = {
			isa = PBXContainerItemProxy;
			containerPortal = 91B06A3EF6AB43C38FED313D /* Project object */;
			proxyType = 1;
			remoteGlobalIDString = 75F9A493E71947B896FA447A;
			remoteInfo = gray2binary;
		};
		5E6E752C28944163BAE9CCE6 /* PBXContainerItemProxy */ = {
			isa = PBXContainerItemProxy;
			containerPortal = 91B06A3EF6AB43C38FED313D /* Project object */;
			proxyType = 1;
			remoteGlobalIDString = 0284641BA23743CB91347678;
			remoteInfo = ZERO_CHECK;
		};
		9FF73DE6A19C4E35B12892EB /* PBXContainerItemProxy */ = {
			isa = PBXContainerItemProxy;
			containerPortal = 91B06A3EF6AB43C38FED313D /* Project object */;
			proxyType = 1;
			remoteGlobalIDString = 0284641BA23743CB91347678;
			remoteInfo = ZERO_CHECK;
		};
		B9DF16384A374DC3AC811BDD /* PBXContainerItemProxy */ = {
			isa = PBXContainerItemProxy;
			containerPortal = 91B06A3EF6AB43C38FED313D /* Project object */;
			proxyType = 1;
			remoteGlobalIDString = 6AC8126DB2084916B29FA62F;
			remoteInfo = brightness;
		};
/* End PBXContainerItemProxy section */

/* Begin PBXFileReference section */
		3CAC9578DFE04204AFC9E205 /* /Users/brock/dev/projects/Image-Processing-Tutorial-0-Setting-Up-OpenCV/gray2binary.cpp */ = {isa = PBXFileReference; explicitFileType = sourcecode.cpp.cpp; fileEncoding = 4; name = gray2binary.cpp; path = gray2binary.cpp; sourceTree = SOURCE_ROOT; };
		43D37E7C1497400E81895753 /* /Users/brock/dev/projects/Image-Processing-Tutorial-0-Setting-Up-OpenCV/CMakeLists.txt */ = {isa = PBXFileReference; explicitFileType = sourcecode.text; fileEncoding = 4; name = CMakeLists.txt; path = CMakeLists.txt; sourceTree = SOURCE_ROOT; };
		4B00B5CBBD454A9AA3CF36A4 /* /Users/brock/dev/projects/Image-Processing-Tutorial-0-Setting-Up-OpenCV/CMakeLists.txt */ = {isa = PBXFileReference; explicitFileType = sourcecode.text; fileEncoding = 4; name = CMakeLists.txt; path = CMakeLists.txt; sourceTree = SOURCE_ROOT; };
		4DDDB8AA08B2446BAE111E8A /* /Users/brock/dev/projects/Image-Processing-Tutorial-0-Setting-Up-OpenCV/rgb2gray.cpp */ = {isa = PBXFileReference; explicitFileType = sourcecode.cpp.cpp; fileEncoding = 4; name = rgb2gray.cpp; path = rgb2gray.cpp; sourceTree = SOURCE_ROOT; };
		5A485BFC4EE74AC9A21FE9BD /* /Users/brock/dev/projects/Image-Processing-Tutorial-0-Setting-Up-OpenCV/brightness.cpp */ = {isa = PBXFileReference; explicitFileType = sourcecode.cpp.cpp; fileEncoding = 4; name = brightness.cpp; path = brightness.cpp; sourceTree = SOURCE_ROOT; };
		73FD6E9DCF114E47B733AF38 /* brightness */ = {isa = PBXFileReference; explicitFileType = "compiled.mach-o.executable"; path = brightness; sourceTree = BUILT_PRODUCTS_DIR; };
		743998CABBD74CB9B99CA1ED /* /Users/brock/dev/projects/Image-Processing-Tutorial-0-Setting-Up-OpenCV/CMakeLists.txt */ = {isa = PBXFileReference; explicitFileType = sourcecode.text; fileEncoding = 4; name = CMakeLists.txt; path = CMakeLists.txt; sourceTree = SOURCE_ROOT; };
		79D0960B15764AD0A69CF6D2 /* gray2binary */ = {isa = PBXFileReference; explicitFileType = "compiled.mach-o.executable"; path = gray2binary; sourceTree = BUILT_PRODUCTS_DIR; };
		7D1EB5270ACB449ABD0B03AA /* rgb2gray */ = {isa = PBXFileReference; explicitFileType = "compiled.mach-o.executable"; path = rgb2gray; sourceTree = BUILT_PRODUCTS_DIR; };
		9EAA8E51DF5F4C14B1E3031F /* contrast */ = {isa = PBXFileReference; explicitFileType = "compiled.mach-o.executable"; path = contrast; sourceTree = BUILT_PRODUCTS_DIR; };
		A81EF40E2CE74A4A9A8DB68D /* /Users/brock/dev/projects/Image-Processing-Tutorial-0-Setting-Up-OpenCV/CMakeLists.txt */ = {isa = PBXFileReference; explicitFileType = sourcecode.text; fileEncoding = 4; name = CMakeLists.txt; path = CMakeLists.txt; sourceTree = SOURCE_ROOT; };
		B4E59D319ED74CB2976C75DF /* /Users/brock/dev/projects/Image-Processing-Tutorial-0-Setting-Up-OpenCV/CMakeLists.txt */ = {isa = PBXFileReference; explicitFileType = sourcecode.text; fileEncoding = 4; name = CMakeLists.txt; path = CMakeLists.txt; sourceTree = SOURCE_ROOT; };
		BB1E7D92D86A490EB4FB162D /* /Users/brock/dev/projects/Image-Processing-Tutorial-0-Setting-Up-OpenCV/contrast.cpp */ = {isa = PBXFileReference; explicitFileType = sourcecode.cpp.cpp; fileEncoding = 4; name = contrast.cpp; path = contrast.cpp; sourceTree = SOURCE_ROOT; };
/* End PBXFileReference section */

/* Begin PBXFrameworksBuildPhase section */
		2266B98A70BC48E28F2CEE7B /* Frameworks */ = {
			isa = PBXFrameworksBuildPhase;
			buildActionMask = 2147483647;
			files = (
			);
			runOnlyForDeploymentPostprocessing = 0;
		};
		8488D924761E4E05951F9185 /* Frameworks */ = {
			isa = PBXFrameworksBuildPhase;
			buildActionMask = 2147483647;
			files = (
			);
			runOnlyForDeploymentPostprocessing = 0;
		};
		97695098483C41D5896C11A0 /* Frameworks */ = {
			isa = PBXFrameworksBuildPhase;
			buildActionMask = 2147483647;
			files = (
			);
			runOnlyForDeploymentPostprocessing = 0;
		};
		AE82BEF6ADC34F61A69DE04C /* Frameworks */ = {
			isa = PBXFrameworksBuildPhase;
			buildActionMask = 2147483647;
			files = (
			);
			runOnlyForDeploymentPostprocessing = 0;
		};
/* End PBXFrameworksBuildPhase section */

/* Begin PBXGroup section */
		0CEA31FA58CE42C699EFAF5A /* Source Files */ = {
			isa = PBXGroup;
			children = (
				4DDDB8AA08B2446BAE111E8A /* /Users/brock/dev/projects/Image-Processing-Tutorial-0-Setting-Up-OpenCV/rgb2gray.cpp */,
			);
			name = "Source Files";
			sourceTree = "<group>";
		};
		111A94BB935A420CA4C435C8 /* Source Files */ = {
			isa = PBXGroup;
			children = (
				3CAC9578DFE04204AFC9E205 /* /Users/brock/dev/projects/Image-Processing-Tutorial-0-Setting-Up-OpenCV/gray2binary.cpp */,
			);
			name = "Source Files";
			sourceTree = "<group>";
		};
		3CC8534A718C476C8E0E5532 /* rgb2gray */ = {
			isa = PBXGroup;
			children = (
				0CEA31FA58CE42C699EFAF5A /* Source Files */,
				B4E59D319ED74CB2976C75DF /* /Users/brock/dev/projects/Image-Processing-Tutorial-0-Setting-Up-OpenCV/CMakeLists.txt */,
			);
			name = rgb2gray;
			sourceTree = "<group>";
		};
		4A018BCAE6AE4FC48DB3E9AA /* brightness */ = {
			isa = PBXGroup;
			children = (
				FD88700AA0A34B7288797A71 /* Source Files */,
				43D37E7C1497400E81895753 /* /Users/brock/dev/projects/Image-Processing-Tutorial-0-Setting-Up-OpenCV/CMakeLists.txt */,
			);
			name = brightness;
			sourceTree = "<group>";
		};
		533C8F049DE34E60919875EE = {
			isa = PBXGroup;
			children = (
				4A018BCAE6AE4FC48DB3E9AA /* brightness */,
				E55F13A9B69C4D1DABA99EF2 /* gray2binary */,
				863A5564FD714622A2C00E9C /* contrast */,
				3CC8534A718C476C8E0E5532 /* rgb2gray */,
				ABABBAC4F42C4CD09BF2E350 /* ALL_BUILD */,
				9E8CA29771E14460A9E64A8B /* Products */,
				B0E7D29707B448C480ABDBC9 /* Frameworks */,
			);
			sourceTree = "<group>";
		};
		61B7526241AA45349535A03A /* Source Files */ = {
			isa = PBXGroup;
			children = (
				BB1E7D92D86A490EB4FB162D /* /Users/brock/dev/projects/Image-Processing-Tutorial-0-Setting-Up-OpenCV/contrast.cpp */,
			);
			name = "Source Files";
			sourceTree = "<group>";
		};
		863A5564FD714622A2C00E9C /* contrast */ = {
			isa = PBXGroup;
			children = (
				61B7526241AA45349535A03A /* Source Files */,
				A81EF40E2CE74A4A9A8DB68D /* /Users/brock/dev/projects/Image-Processing-Tutorial-0-Setting-Up-OpenCV/CMakeLists.txt */,
			);
			name = contrast;
			sourceTree = "<group>";
		};
		86505255ECAC4450ACA6C566 /* CMake Rules */ = {
			isa = PBXGroup;
			children = (
			);
			name = "CMake Rules";
			sourceTree = "<group>";
		};
		9E8CA29771E14460A9E64A8B /* Products */ = {
			isa = PBXGroup;
			children = (
				73FD6E9DCF114E47B733AF38 /* brightness */,
				9EAA8E51DF5F4C14B1E3031F /* contrast */,
				79D0960B15764AD0A69CF6D2 /* gray2binary */,
				7D1EB5270ACB449ABD0B03AA /* rgb2gray */,
			);
			name = Products;
			sourceTree = "<group>";
		};
		ABABBAC4F42C4CD09BF2E350 /* ALL_BUILD */ = {
			isa = PBXGroup;
			children = (
				86505255ECAC4450ACA6C566 /* CMake Rules */,
				4B00B5CBBD454A9AA3CF36A4 /* /Users/brock/dev/projects/Image-Processing-Tutorial-0-Setting-Up-OpenCV/CMakeLists.txt */,
			);
			name = ALL_BUILD;
			sourceTree = "<group>";
		};
		B0E7D29707B448C480ABDBC9 /* Frameworks */ = {
			isa = PBXGroup;
			children = (
			);
			name = Frameworks;
			sourceTree = "<group>";
		};
		E55F13A9B69C4D1DABA99EF2 /* gray2binary */ = {
			isa = PBXGroup;
			children = (
				111A94BB935A420CA4C435C8 /* Source Files */,
				743998CABBD74CB9B99CA1ED /* /Users/brock/dev/projects/Image-Processing-Tutorial-0-Setting-Up-OpenCV/CMakeLists.txt */,
			);
			name = gray2binary;
			sourceTree = "<group>";
		};
		FD88700AA0A34B7288797A71 /* Source Files */ = {
			isa = PBXGroup;
			children = (
				5A485BFC4EE74AC9A21FE9BD /* /Users/brock/dev/projects/Image-Processing-Tutorial-0-Setting-Up-OpenCV/brightness.cpp */,
			);
			name = "Source Files";
			sourceTree = "<group>";
		};
/* End PBXGroup section */

/* Begin PBXNativeTarget section */
		63E328D368DB4AFBAFA9B2DD /* contrast */ = {
			isa = PBXNativeTarget;
			buildConfigurationList = 2F32B450CC85463797950E8B /* Build configuration list for PBXNativeTarget "contrast" */;
			buildPhases = (
				1B7951E347674E89851AF709 /* Sources */,
				AE82BEF6ADC34F61A69DE04C /* Frameworks */,
			);
			buildRules = (
			);
			dependencies = (
				A7C525BBE31243CCA56F2D6B /* PBXTargetDependency */,
			);
			name = contrast;
			productName = contrast;
			productReference = 9EAA8E51DF5F4C14B1E3031F /* contrast */;
			productType = "com.apple.product-type.tool";
		};
		6AC8126DB2084916B29FA62F /* brightness */ = {
			isa = PBXNativeTarget;
			buildConfigurationList = C88AFBBCB5D44A3D9F1B8A55 /* Build configuration list for PBXNativeTarget "brightness" */;
			buildPhases = (
				0FC9B0D8BE2A4EA9B88D46FC /* Sources */,
				8488D924761E4E05951F9185 /* Frameworks */,
			);
			buildRules = (
			);
			dependencies = (
				17DDBF4666D742C1A77383DA /* PBXTargetDependency */,
			);
			name = brightness;
			productName = brightness;
			productReference = 73FD6E9DCF114E47B733AF38 /* brightness */;
			productType = "com.apple.product-type.tool";
		};
		75F9A493E71947B896FA447A /* gray2binary */ = {
			isa = PBXNativeTarget;
			buildConfigurationList = D50338AA608347CBB373147C /* Build configuration list for PBXNativeTarget "gray2binary" */;
			buildPhases = (
				32DAB48A0BD2488692FCA900 /* Sources */,
				97695098483C41D5896C11A0 /* Frameworks */,
			);
			buildRules = (
			);
			dependencies = (
				B4D0E6C29DFD48BEBEB389AD /* PBXTargetDependency */,
			);
			name = gray2binary;
			productName = gray2binary;
			productReference = 79D0960B15764AD0A69CF6D2 /* gray2binary */;
			productType = "com.apple.product-type.tool";
		};
		CFEC227B6B474169824C99C4 /* rgb2gray */ = {
			isa = PBXNativeTarget;
			buildConfigurationList = A0E9BC97E3AD45DAA7DAAD2B /* Build configuration list for PBXNativeTarget "rgb2gray" */;
			buildPhases = (
				E68AD9B02A9E4892BA4309E0 /* Sources */,
				2266B98A70BC48E28F2CEE7B /* Frameworks */,
			);
			buildRules = (
			);
			dependencies = (
				4997626ED67442D28964DCCF /* PBXTargetDependency */,
			);
			name = rgb2gray;
			productName = rgb2gray;
			productReference = 7D1EB5270ACB449ABD0B03AA /* rgb2gray */;
			productType = "com.apple.product-type.tool";
		};
/* End PBXNativeTarget section */

/* Begin PBXProject section */
		91B06A3EF6AB43C38FED313D /* Project object */ = {
			isa = PBXProject;
			attributes = {
				BuildIndependentTargetsInParallel = YES;
				LastUpgradeCheck = 1250;
			};
			buildConfigurationList = D63FB9C268664A299EEC10AD /* Build configuration list for PBXProject "assignment-one" */;
			buildSettings = {
			};
			buildStyles = (
				066DC0D377284EA78CCB366C /* Debug */,
				DD4BE98FD52C430BBD1F4215 /* Release */,
				BB058E17C85D410EA857DB8F /* MinSizeRel */,
				80A7BFEEE442415CAA8FF618 /* RelWithDebInfo */,
			);
			compatibilityVersion = "Xcode 3.2";
			hasScannedForEncodings = 0;
			mainGroup = 533C8F049DE34E60919875EE;
			projectDirPath = .;
			projectRoot = "";
			targets = (
				0615DA79487146218E340B6C /* ALL_BUILD */,
				0284641BA23743CB91347678 /* ZERO_CHECK */,
				6AC8126DB2084916B29FA62F /* brightness */,
				63E328D368DB4AFBAFA9B2DD /* contrast */,
				75F9A493E71947B896FA447A /* gray2binary */,
				CFEC227B6B474169824C99C4 /* rgb2gray */,
			);
		};
/* End PBXProject section */

/* Begin PBXShellScriptBuildPhase section */
		3C0110FC8322DE7E50886E21 = {
			isa = PBXShellScriptBuildPhase;
			buildActionMask = 2147483647;
			files = (
			);
			inputPaths = (
			);
			outputPaths = (
			);
			runOnlyForDeploymentPostprocessing = 0;
			shellPath = /bin/sh;
			shellScript = "# shell script goes here
exit 0";
			showEnvVarsInLog = 0;
		};
		65ED2BB82A9BD866AC146964 /* Generate CMakeFiles/ZERO_CHECK */ = {
			isa = PBXShellScriptBuildPhase;
			alwaysOutOfDate = 1;
			buildActionMask = 2147483647;
			files = (
			);
			inputPaths = (
			);
			name = "Generate CMakeFiles/ZERO_CHECK";
			outputPaths = (
"/Users/brock/dev/projects/Image-Processing-Tutorial-0-Setting-Up-OpenCV/CMakeFiles/ZERO_CHECK"			);
			runOnlyForDeploymentPostprocessing = 0;
			shellPath = /bin/sh;
			shellScript = "set -e
if test \"$CONFIGURATION\" = \"Debug\"; then :
  cd /Users/brock/dev/projects/Image-Processing-Tutorial-0-Setting-Up-OpenCV
  make -f /Users/brock/dev/projects/Image-Processing-Tutorial-0-Setting-Up-OpenCV/CMakeScripts/ReRunCMake.make
fi
if test \"$CONFIGURATION\" = \"Release\"; then :
  cd /Users/brock/dev/projects/Image-Processing-Tutorial-0-Setting-Up-OpenCV
  make -f /Users/brock/dev/projects/Image-Processing-Tutorial-0-Setting-Up-OpenCV/CMakeScripts/ReRunCMake.make
fi
if test \"$CONFIGURATION\" = \"MinSizeRel\"; then :
  cd /Users/brock/dev/projects/Image-Processing-Tutorial-0-Setting-Up-OpenCV
  make -f /Users/brock/dev/projects/Image-Processing-Tutorial-0-Setting-Up-OpenCV/CMakeScripts/ReRunCMake.make
fi
if test \"$CONFIGURATION\" = \"RelWithDebInfo\"; then :
  cd /Users/brock/dev/projects/Image-Processing-Tutorial-0-Setting-Up-OpenCV
  make -f /Users/brock/dev/projects/Image-Processing-Tutorial-0-Setting-Up-OpenCV/CMakeScripts/ReRunCMake.make
fi
";
			showEnvVarsInLog = 0;
		};
		9B50530E35CC49C82C2FACCF = {
			isa = PBXShellScriptBuildPhase;
			buildActionMask = 2147483647;
			files = (
			);
			inputPaths = (
			);
			outputPaths = (
			);
			runOnlyForDeploymentPostprocessing = 0;
			shellPath = /bin/sh;
			shellScript = "# shell script goes here
exit 0";
			showEnvVarsInLog = 0;
		};
		C36E241E10643DA90846C27E /* Generate CMakeFiles/ALL_BUILD */ = {
			isa = PBXShellScriptBuildPhase;
			alwaysOutOfDate = 1;
			buildActionMask = 2147483647;
			files = (
			);
			inputPaths = (
			);
			name = "Generate CMakeFiles/ALL_BUILD";
			outputPaths = (
"/Users/brock/dev/projects/Image-Processing-Tutorial-0-Setting-Up-OpenCV/CMakeFiles/ALL_BUILD"			);
			runOnlyForDeploymentPostprocessing = 0;
			shellPath = /bin/sh;
			shellScript = "set -e
if test \"$CONFIGURATION\" = \"Debug\"; then :
  cd /Users/brock/dev/projects/Image-Processing-Tutorial-0-Setting-Up-OpenCV
  echo Build\\ all\\ projects
fi
if test \"$CONFIGURATION\" = \"Release\"; then :
  cd /Users/brock/dev/projects/Image-Processing-Tutorial-0-Setting-Up-OpenCV
  echo Build\\ all\\ projects
fi
if test \"$CONFIGURATION\" = \"MinSizeRel\"; then :
  cd /Users/brock/dev/projects/Image-Processing-Tutorial-0-Setting-Up-OpenCV
  echo Build\\ all\\ projects
fi
if test \"$CONFIGURATION\" = \"RelWithDebInfo\"; then :
  cd /Users/brock/dev/projects/Image-Processing-Tutorial-0-Setting-Up-OpenCV
  echo Build\\ all\\ projects
fi
";
			showEnvVarsInLog = 0;
		};
/* End PBXShellScriptBuildPhase section */

/* Begin PBXSourcesBuildPhase section */
		0FC9B0D8BE2A4EA9B88D46FC /* Sources */ = {
			isa = PBXSourcesBuildPhase;
			buildActionMask = 2147483647;
			files = (
				3BD387EBD2854515A20A2578 /* /Users/brock/dev/projects/Image-Processing-Tutorial-0-Setting-Up-OpenCV/brightness.cpp */,
			);
			runOnlyForDeploymentPostprocessing = 0;
		};
		1B7951E347674E89851AF709 /* Sources */ = {
			isa = PBXSourcesBuildPhase;
			buildActionMask = 2147483647;
			files = (
				1192B474DF2D4824B4EDC5EA /* /Users/brock/dev/projects/Image-Processing-Tutorial-0-Setting-Up-OpenCV/contrast.cpp */,
			);
			runOnlyForDeploymentPostprocessing = 0;
		};
		32DAB48A0BD2488692FCA900 /* Sources */ = {
			isa = PBXSourcesBuildPhase;
			buildActionMask = 2147483647;
			files = (
				9052F3846BC2454FA0191F31 /* /Users/brock/dev/projects/Image-Processing-Tutorial-0-Setting-Up-OpenCV/gray2binary.cpp */,
			);
			runOnlyForDeploymentPostprocessing = 0;
		};
		E68AD9B02A9E4892BA4309E0 /* Sources */ = {
			isa = PBXSourcesBuildPhase;
			buildActionMask = 2147483647;
			files = (
				D5B4DE9EF7F245DC8E0F5824 /* /Users/brock/dev/projects/Image-Processing-Tutorial-0-Setting-Up-OpenCV/rgb2gray.cpp */,
			);
			runOnlyForDeploymentPostprocessing = 0;
		};
/* End PBXSourcesBuildPhase section */

/* Begin PBXTargetDependency section */
		17DDBF4666D742C1A77383DA /* PBXTargetDependency */ = {
			isa = PBXTargetDependency;
			target = 0284641BA23743CB91347678 /* ZERO_CHECK */;
			targetProxy = 25844191AC9E4A6BAF1F1EE8 /* PBXContainerItemProxy */;
		};
		197F0776F62F4972B99300F1 /* PBXTargetDependency */ = {
			isa = PBXTargetDependency;
			target = 0284641BA23743CB91347678 /* ZERO_CHECK */;
			targetProxy = 0AEC2E477A4F442B9B57B44A /* PBXContainerItemProxy */;
		};
		4997626ED67442D28964DCCF /* PBXTargetDependency */ = {
			isa = PBXTargetDependency;
			target = 0284641BA23743CB91347678 /* ZERO_CHECK */;
			targetProxy = 05726172E0F64CBDAE624071 /* PBXContainerItemProxy */;
		};
		553F5F7A7A3A45C4A3847841 /* PBXTargetDependency */ = {
			isa = PBXTargetDependency;
			target = CFEC227B6B474169824C99C4 /* rgb2gray */;
			targetProxy = 09F510F86178455B85FB34BB /* PBXContainerItemProxy */;
		};
		81C1FA11D26D413C817A7A04 /* PBXTargetDependency */ = {
			isa = PBXTargetDependency;
			target = 6AC8126DB2084916B29FA62F /* brightness */;
			targetProxy = B9DF16384A374DC3AC811BDD /* PBXContainerItemProxy */;
		};
		A7C525BBE31243CCA56F2D6B /* PBXTargetDependency */ = {
			isa = PBXTargetDependency;
			target = 0284641BA23743CB91347678 /* ZERO_CHECK */;
			targetProxy = 9FF73DE6A19C4E35B12892EB /* PBXContainerItemProxy */;
		};
		B4D0E6C29DFD48BEBEB389AD /* PBXTargetDependency */ = {
			isa = PBXTargetDependency;
			target = 0284641BA23743CB91347678 /* ZERO_CHECK */;
			targetProxy = 5E6E752C28944163BAE9CCE6 /* PBXContainerItemProxy */;
		};
		B6C13CC0148844C48028EC12 /* PBXTargetDependency */ = {
			isa = PBXTargetDependency;
			target = 75F9A493E71947B896FA447A /* gray2binary */;
			targetProxy = 27A02EEF071E411D93DFFEBF /* PBXContainerItemProxy */;
		};
		C7DE69FE6E464694B428C655 /* PBXTargetDependency */ = {
			isa = PBXTargetDependency;
			target = 63E328D368DB4AFBAFA9B2DD /* contrast */;
			targetProxy = 1F1CB9211D9C4D11968366BD /* PBXContainerItemProxy */;
		};
/* End PBXTargetDependency section */

/* Begin XCBuildConfiguration section */
		076104F2160F428A83B4637B /* RelWithDebInfo */ = {
			isa = XCBuildConfiguration;
			buildSettings = {
				COMBINE_HIDPI_IMAGES = YES;
				EXECUTABLE_PREFIX = "";
				EXECUTABLE_SUFFIX = "";
				GCC_GENERATE_DEBUGGING_SYMBOLS = YES;
				GCC_INLINES_ARE_PRIVATE_EXTERN = NO;
				GCC_OPTIMIZATION_LEVEL = 2;
				GCC_PREPROCESSOR_DEFINITIONS = ("'CMAKE_INTDIR=\"$(CONFIGURATION)$(EFFECTIVE_PLATFORM_NAME)\"'","$(inherited)");
				GCC_SYMBOLS_PRIVATE_EXTERN = NO;
				INSTALL_PATH = "";
				LD_RUNPATH_SEARCH_PATHS = (/Users/brock/opencv/build/lib,"$(inherited)");
				OTHER_CPLUSPLUSFLAGS = "       -DNDEBUG '-std=gnu++14' ";
				OTHER_LDFLAGS = (" -Wl,-search_paths_first -Wl,-headerpad_max_install_names",/Users/brock/opencv/build/lib/libopencv_gapi.4.5.3.dylib,/Users/brock/opencv/build/lib/libopencv_highgui.4.5.3.dylib,/Users/brock/opencv/build/lib/libopencv_ml.4.5.3.dylib,/Users/brock/opencv/build/lib/libopencv_objdetect.4.5.3.dylib,/Users/brock/opencv/build/lib/libopencv_photo.4.5.3.dylib,/Users/brock/opencv/build/lib/libopencv_stitching.4.5.3.dylib,/Users/brock/opencv/build/lib/libopencv_video.4.5.3.dylib,/Users/brock/opencv/build/lib/libopencv_videoio.4.5.3.dylib,/Users/brock/opencv/build/lib/libopencv_dnn.4.5.3.dylib,/Users/brock/opencv/build/lib/libopencv_imgcodecs.4.5.3.dylib,/Users/brock/opencv/build/lib/libopencv_calib3d.4.5.3.dylib,/Users/brock/opencv/build/lib/libopencv_features2d.4.5.3.dylib,/Users/brock/opencv/build/lib/libopencv_flann.4.5.3.dylib,/Users/brock/opencv/build/lib/libopencv_imgproc.4.5.3.dylib,/Users/brock/opencv/build/lib/libopencv_core.4.5.3.dylib,"$(inherited)");
				OTHER_REZFLAGS = "";
				PRODUCT_NAME = contrast;
				SECTORDER_FLAGS = "";
				SYMROOT = "/Users/brock/dev/projects/Image-Processing-Tutorial-0-Setting-Up-OpenCV";
				SYSTEM_HEADER_SEARCH_PATHS = (/Users/brock/opencv/build,"/Users/brock/opencv/opencv-master/include","/Users/brock/opencv/opencv-master/modules/core/include","/Users/brock/opencv/opencv-master/modules/flann/include","/Users/brock/opencv/opencv-master/modules/imgproc/include","/Users/brock/opencv/opencv-master/modules/ml/include","/Users/brock/opencv/opencv-master/modules/photo/include","/Users/brock/opencv/opencv-master/modules/dnn/include","/Users/brock/opencv/opencv-master/modules/features2d/include","/Users/brock/opencv/opencv-master/modules/imgcodecs/include","/Users/brock/opencv/opencv-master/modules/videoio/include","/Users/brock/opencv/opencv-master/modules/calib3d/include","/Users/brock/opencv/opencv-master/modules/highgui/include","/Users/brock/opencv/opencv-master/modules/objdetect/include","/Users/brock/opencv/opencv-master/modules/stitching/include","/Users/brock/opencv/opencv-master/modules/ts/include","/Users/brock/opencv/opencv-master/modules/video/include","/Users/brock/opencv/opencv-master/modules/gapi/include","$(inherited)");
				USE_HEADERMAP = NO;
				WARNING_CFLAGS = ("$(inherited)");
			};
			name = RelWithDebInfo;
		};
		0889E66126244390A9E68DC8 /* MinSizeRel */ = {
			isa = XCBuildConfiguration;
			buildSettings = {
				COMBINE_HIDPI_IMAGES = YES;
				EXECUTABLE_PREFIX = "";
				EXECUTABLE_SUFFIX = "";
				GCC_GENERATE_DEBUGGING_SYMBOLS = NO;
				GCC_INLINES_ARE_PRIVATE_EXTERN = NO;
				GCC_OPTIMIZATION_LEVEL = s;
				GCC_PREPROCESSOR_DEFINITIONS = ("'CMAKE_INTDIR=\"$(CONFIGURATION)$(EFFECTIVE_PLATFORM_NAME)\"'","$(inherited)");
				GCC_SYMBOLS_PRIVATE_EXTERN = NO;
				INSTALL_PATH = "";
				LD_RUNPATH_SEARCH_PATHS = (/Users/brock/opencv/build/lib,"$(inherited)");
				OTHER_CPLUSPLUSFLAGS = "    -DNDEBUG '-std=gnu++14' ";
				OTHER_LDFLAGS = (" -Wl,-search_paths_first -Wl,-headerpad_max_install_names",/Users/brock/opencv/build/lib/libopencv_gapi.4.5.3.dylib,/Users/brock/opencv/build/lib/libopencv_highgui.4.5.3.dylib,/Users/brock/opencv/build/lib/libopencv_ml.4.5.3.dylib,/Users/brock/opencv/build/lib/libopencv_objdetect.4.5.3.dylib,/Users/brock/opencv/build/lib/libopencv_photo.4.5.3.dylib,/Users/brock/opencv/build/lib/libopencv_stitching.4.5.3.dylib,/Users/brock/opencv/build/lib/libopencv_video.4.5.3.dylib,/Users/brock/opencv/build/lib/libopencv_videoio.4.5.3.dylib,/Users/brock/opencv/build/lib/libopencv_dnn.4.5.3.dylib,/Users/brock/opencv/build/lib/libopencv_imgcodecs.4.5.3.dylib,/Users/brock/opencv/build/lib/libopencv_calib3d.4.5.3.dylib,/Users/brock/opencv/build/lib/libopencv_features2d.4.5.3.dylib,/Users/brock/opencv/build/lib/libopencv_flann.4.5.3.dylib,/Users/brock/opencv/build/lib/libopencv_imgproc.4.5.3.dylib,/Users/brock/opencv/build/lib/libopencv_core.4.5.3.dylib,"$(inherited)");
				OTHER_REZFLAGS = "";
				PRODUCT_NAME = rgb2gray;
				SECTORDER_FLAGS = "";
				SYMROOT = "/Users/brock/dev/projects/Image-Processing-Tutorial-0-Setting-Up-OpenCV";
				SYSTEM_HEADER_SEARCH_PATHS = (/Users/brock/opencv/build,"/Users/brock/opencv/opencv-master/include","/Users/brock/opencv/opencv-master/modules/core/include","/Users/brock/opencv/opencv-master/modules/flann/include","/Users/brock/opencv/opencv-master/modules/imgproc/include","/Users/brock/opencv/opencv-master/modules/ml/include","/Users/brock/opencv/opencv-master/modules/photo/include","/Users/brock/opencv/opencv-master/modules/dnn/include","/Users/brock/opencv/opencv-master/modules/features2d/include","/Users/brock/opencv/opencv-master/modules/imgcodecs/include","/Users/brock/opencv/opencv-master/modules/videoio/include","/Users/brock/opencv/opencv-master/modules/calib3d/include","/Users/brock/opencv/opencv-master/modules/highgui/include","/Users/brock/opencv/opencv-master/modules/objdetect/include","/Users/brock/opencv/opencv-master/modules/stitching/include","/Users/brock/opencv/opencv-master/modules/ts/include","/Users/brock/opencv/opencv-master/modules/video/include","/Users/brock/opencv/opencv-master/modules/gapi/include","$(inherited)");
				USE_HEADERMAP = NO;
				WARNING_CFLAGS = ("$(inherited)");
			};
			name = MinSizeRel;
		};
		0D93A39955A04011915D8623 /* RelWithDebInfo */ = {
			isa = XCBuildConfiguration;
			buildSettings = {
				COMBINE_HIDPI_IMAGES = YES;
				GCC_GENERATE_DEBUGGING_SYMBOLS = YES;
				GCC_INLINES_ARE_PRIVATE_EXTERN = NO;
				GCC_OPTIMIZATION_LEVEL = 0;
				GCC_PREPROCESSOR_DEFINITIONS = ("'CMAKE_INTDIR=\"$(CONFIGURATION)$(EFFECTIVE_PLATFORM_NAME)\"'","$(inherited)");
				GCC_SYMBOLS_PRIVATE_EXTERN = NO;
				INSTALL_PATH = "";
				OTHER_LDFLAGS = ("","$(inherited)");
				OTHER_REZFLAGS = "";
				PRODUCT_NAME = ALL_BUILD;
				SECTORDER_FLAGS = "";
				SYMROOT = "/Users/brock/dev/projects/Image-Processing-Tutorial-0-Setting-Up-OpenCV";
				USE_HEADERMAP = NO;
				WARNING_CFLAGS = ("$(inherited)");
			};
			name = RelWithDebInfo;
		};
		1486F7227ED6428D82CB1EFB /* MinSizeRel */ = {
			isa = XCBuildConfiguration;
			buildSettings = {
				COMBINE_HIDPI_IMAGES = YES;
				EXECUTABLE_PREFIX = "";
				EXECUTABLE_SUFFIX = "";
				GCC_GENERATE_DEBUGGING_SYMBOLS = NO;
				GCC_INLINES_ARE_PRIVATE_EXTERN = NO;
				GCC_OPTIMIZATION_LEVEL = s;
				GCC_PREPROCESSOR_DEFINITIONS = ("'CMAKE_INTDIR=\"$(CONFIGURATION)$(EFFECTIVE_PLATFORM_NAME)\"'","$(inherited)");
				GCC_SYMBOLS_PRIVATE_EXTERN = NO;
				INSTALL_PATH = "";
				LD_RUNPATH_SEARCH_PATHS = (/Users/brock/opencv/build/lib,"$(inherited)");
				OTHER_CPLUSPLUSFLAGS = "    -DNDEBUG '-std=gnu++14' ";
				OTHER_LDFLAGS = (" -Wl,-search_paths_first -Wl,-headerpad_max_install_names",/Users/brock/opencv/build/lib/libopencv_gapi.4.5.3.dylib,/Users/brock/opencv/build/lib/libopencv_highgui.4.5.3.dylib,/Users/brock/opencv/build/lib/libopencv_ml.4.5.3.dylib,/Users/brock/opencv/build/lib/libopencv_objdetect.4.5.3.dylib,/Users/brock/opencv/build/lib/libopencv_photo.4.5.3.dylib,/Users/brock/opencv/build/lib/libopencv_stitching.4.5.3.dylib,/Users/brock/opencv/build/lib/libopencv_video.4.5.3.dylib,/Users/brock/opencv/build/lib/libopencv_videoio.4.5.3.dylib,/Users/brock/opencv/build/lib/libopencv_dnn.4.5.3.dylib,/Users/brock/opencv/build/lib/libopencv_imgcodecs.4.5.3.dylib,/Users/brock/opencv/build/lib/libopencv_calib3d.4.5.3.dylib,/Users/brock/opencv/build/lib/libopencv_features2d.4.5.3.dylib,/Users/brock/opencv/build/lib/libopencv_flann.4.5.3.dylib,/Users/brock/opencv/build/lib/libopencv_imgproc.4.5.3.dylib,/Users/brock/opencv/build/lib/libopencv_core.4.5.3.dylib,"$(inherited)");
				OTHER_REZFLAGS = "";
				PRODUCT_NAME = brightness;
				SECTORDER_FLAGS = "";
				SYMROOT = "/Users/brock/dev/projects/Image-Processing-Tutorial-0-Setting-Up-OpenCV";
				SYSTEM_HEADER_SEARCH_PATHS = (/Users/brock/opencv/build,"/Users/brock/opencv/opencv-master/include","/Users/brock/opencv/opencv-master/modules/core/include","/Users/brock/opencv/opencv-master/modules/flann/include","/Users/brock/opencv/opencv-master/modules/imgproc/include","/Users/brock/opencv/opencv-master/modules/ml/include","/Users/brock/opencv/opencv-master/modules/photo/include","/Users/brock/opencv/opencv-master/modules/dnn/include","/Users/brock/opencv/opencv-master/modules/features2d/include","/Users/brock/opencv/opencv-master/modules/imgcodecs/include","/Users/brock/opencv/opencv-master/modules/videoio/include","/Users/brock/opencv/opencv-master/modules/calib3d/include","/Users/brock/opencv/opencv-master/modules/highgui/include","/Users/brock/opencv/opencv-master/modules/objdetect/include","/Users/brock/opencv/opencv-master/modules/stitching/include","/Users/brock/opencv/opencv-master/modules/ts/include","/Users/brock/opencv/opencv-master/modules/video/include","/Users/brock/opencv/opencv-master/modules/gapi/include","$(inherited)");
				USE_HEADERMAP = NO;
				WARNING_CFLAGS = ("$(inherited)");
			};
			name = MinSizeRel;
		};
		1A6ABB35774248DCBBEBBD13 /* Debug */ = {
			isa = XCBuildConfiguration;
			buildSettings = {
				COMBINE_HIDPI_IMAGES = YES;
				EXECUTABLE_PREFIX = "";
				EXECUTABLE_SUFFIX = "";
				GCC_GENERATE_DEBUGGING_SYMBOLS = YES;
				GCC_INLINES_ARE_PRIVATE_EXTERN = NO;
				GCC_OPTIMIZATION_LEVEL = 0;
				GCC_PREPROCESSOR_DEFINITIONS = ("'CMAKE_INTDIR=\"$(CONFIGURATION)$(EFFECTIVE_PLATFORM_NAME)\"'","$(inherited)");
				GCC_SYMBOLS_PRIVATE_EXTERN = NO;
				INSTALL_PATH = "";
				LD_RUNPATH_SEARCH_PATHS = (/Users/brock/opencv/build/lib,"$(inherited)");
				OTHER_CPLUSPLUSFLAGS = "   '-std=gnu++14' ";
				OTHER_LDFLAGS = (" -Wl,-search_paths_first -Wl,-headerpad_max_install_names",/Users/brock/opencv/build/lib/libopencv_gapi.4.5.3.dylib,/Users/brock/opencv/build/lib/libopencv_highgui.4.5.3.dylib,/Users/brock/opencv/build/lib/libopencv_ml.4.5.3.dylib,/Users/brock/opencv/build/lib/libopencv_objdetect.4.5.3.dylib,/Users/brock/opencv/build/lib/libopencv_photo.4.5.3.dylib,/Users/brock/opencv/build/lib/libopencv_stitching.4.5.3.dylib,/Users/brock/opencv/build/lib/libopencv_video.4.5.3.dylib,/Users/brock/opencv/build/lib/libopencv_videoio.4.5.3.dylib,/Users/brock/opencv/build/lib/libopencv_dnn.4.5.3.dylib,/Users/brock/opencv/build/lib/libopencv_imgcodecs.4.5.3.dylib,/Users/brock/opencv/build/lib/libopencv_calib3d.4.5.3.dylib,/Users/brock/opencv/build/lib/libopencv_features2d.4.5.3.dylib,/Users/brock/opencv/build/lib/libopencv_flann.4.5.3.dylib,/Users/brock/opencv/build/lib/libopencv_imgproc.4.5.3.dylib,/Users/brock/opencv/build/lib/libopencv_core.4.5.3.dylib,"$(inherited)");
				OTHER_REZFLAGS = "";
				PRODUCT_NAME = gray2binary;
				SECTORDER_FLAGS = "";
				SYMROOT = "/Users/brock/dev/projects/Image-Processing-Tutorial-0-Setting-Up-OpenCV";
				SYSTEM_HEADER_SEARCH_PATHS = (/Users/brock/opencv/build,"/Users/brock/opencv/opencv-master/include","/Users/brock/opencv/opencv-master/modules/core/include","/Users/brock/opencv/opencv-master/modules/flann/include","/Users/brock/opencv/opencv-master/modules/imgproc/include","/Users/brock/opencv/opencv-master/modules/ml/include","/Users/brock/opencv/opencv-master/modules/photo/include","/Users/brock/opencv/opencv-master/modules/dnn/include","/Users/brock/opencv/opencv-master/modules/features2d/include","/Users/brock/opencv/opencv-master/modules/imgcodecs/include","/Users/brock/opencv/opencv-master/modules/videoio/include","/Users/brock/opencv/opencv-master/modules/calib3d/include","/Users/brock/opencv/opencv-master/modules/highgui/include","/Users/brock/opencv/opencv-master/modules/objdetect/include","/Users/brock/opencv/opencv-master/modules/stitching/include","/Users/brock/opencv/opencv-master/modules/ts/include","/Users/brock/opencv/opencv-master/modules/video/include","/Users/brock/opencv/opencv-master/modules/gapi/include","$(inherited)");
				USE_HEADERMAP = NO;
				WARNING_CFLAGS = ("$(inherited)");
			};
			name = Debug;
		};
		20F03676A1B6412283DB3430 /* Release */ = {
			isa = XCBuildConfiguration;
			buildSettings = {
				COMBINE_HIDPI_IMAGES = YES;
				EXECUTABLE_PREFIX = "";
				EXECUTABLE_SUFFIX = "";
				GCC_GENERATE_DEBUGGING_SYMBOLS = NO;
				GCC_INLINES_ARE_PRIVATE_EXTERN = NO;
				GCC_OPTIMIZATION_LEVEL = 3;
				GCC_PREPROCESSOR_DEFINITIONS = ("'CMAKE_INTDIR=\"$(CONFIGURATION)$(EFFECTIVE_PLATFORM_NAME)\"'","$(inherited)");
				GCC_SYMBOLS_PRIVATE_EXTERN = NO;
				INSTALL_PATH = "";
				LD_RUNPATH_SEARCH_PATHS = (/Users/brock/opencv/build/lib,"$(inherited)");
				OTHER_CPLUSPLUSFLAGS = "    -DNDEBUG '-std=gnu++14' ";
				OTHER_LDFLAGS = (" -Wl,-search_paths_first -Wl,-headerpad_max_install_names",/Users/brock/opencv/build/lib/libopencv_gapi.4.5.3.dylib,/Users/brock/opencv/build/lib/libopencv_highgui.4.5.3.dylib,/Users/brock/opencv/build/lib/libopencv_ml.4.5.3.dylib,/Users/brock/opencv/build/lib/libopencv_objdetect.4.5.3.dylib,/Users/brock/opencv/build/lib/libopencv_photo.4.5.3.dylib,/Users/brock/opencv/build/lib/libopencv_stitching.4.5.3.dylib,/Users/brock/opencv/build/lib/libopencv_video.4.5.3.dylib,/Users/brock/opencv/build/lib/libopencv_videoio.4.5.3.dylib,/Users/brock/opencv/build/lib/libopencv_dnn.4.5.3.dylib,/Users/brock/opencv/build/lib/libopencv_imgcodecs.4.5.3.dylib,/Users/brock/opencv/build/lib/libopencv_calib3d.4.5.3.dylib,/Users/brock/opencv/build/lib/libopencv_features2d.4.5.3.dylib,/Users/brock/opencv/build/lib/libopencv_flann.4.5.3.dylib,/Users/brock/opencv/build/lib/libopencv_imgproc.4.5.3.dylib,/Users/brock/opencv/build/lib/libopencv_core.4.5.3.dylib,"$(inherited)");
				OTHER_REZFLAGS = "";
				PRODUCT_NAME = brightness;
				SECTORDER_FLAGS = "";
				SYMROOT = "/Users/brock/dev/projects/Image-Processing-Tutorial-0-Setting-Up-OpenCV";
				SYSTEM_HEADER_SEARCH_PATHS = (/Users/brock/opencv/build,"/Users/brock/opencv/opencv-master/include","/Users/brock/opencv/opencv-master/modules/core/include","/Users/brock/opencv/opencv-master/modules/flann/include","/Users/brock/opencv/opencv-master/modules/imgproc/include","/Users/brock/opencv/opencv-master/modules/ml/include","/Users/brock/opencv/opencv-master/modules/photo/include","/Users/brock/opencv/opencv-master/modules/dnn/include","/Users/brock/opencv/opencv-master/modules/features2d/include","/Users/brock/opencv/opencv-master/modules/imgcodecs/include","/Users/brock/opencv/opencv-master/modules/videoio/include","/Users/brock/opencv/opencv-master/modules/calib3d/include","/Users/brock/opencv/opencv-master/modules/highgui/include","/Users/brock/opencv/opencv-master/modules/objdetect/include","/Users/brock/opencv/opencv-master/modules/stitching/include","/Users/brock/opencv/opencv-master/modules/ts/include","/Users/brock/opencv/opencv-master/modules/video/include","/Users/brock/opencv/opencv-master/modules/gapi/include","$(inherited)");
				USE_HEADERMAP = NO;
				WARNING_CFLAGS = ("$(inherited)");
			};
			name = Release;
		};
		2C5FF4A9465549C88C243FF6 /* RelWithDebInfo */ = {
			isa = XCBuildConfiguration;
			buildSettings = {
				COMBINE_HIDPI_IMAGES = YES;
				EXECUTABLE_PREFIX = "";
				EXECUTABLE_SUFFIX = "";
				GCC_GENERATE_DEBUGGING_SYMBOLS = YES;
				GCC_INLINES_ARE_PRIVATE_EXTERN = NO;
				GCC_OPTIMIZATION_LEVEL = 2;
				GCC_PREPROCESSOR_DEFINITIONS = ("'CMAKE_INTDIR=\"$(CONFIGURATION)$(EFFECTIVE_PLATFORM_NAME)\"'","$(inherited)");
				GCC_SYMBOLS_PRIVATE_EXTERN = NO;
				INSTALL_PATH = "";
				LD_RUNPATH_SEARCH_PATHS = (/Users/brock/opencv/build/lib,"$(inherited)");
				OTHER_CPLUSPLUSFLAGS = "       -DNDEBUG '-std=gnu++14' ";
				OTHER_LDFLAGS = (" -Wl,-search_paths_first -Wl,-headerpad_max_install_names",/Users/brock/opencv/build/lib/libopencv_gapi.4.5.3.dylib,/Users/brock/opencv/build/lib/libopencv_highgui.4.5.3.dylib,/Users/brock/opencv/build/lib/libopencv_ml.4.5.3.dylib,/Users/brock/opencv/build/lib/libopencv_objdetect.4.5.3.dylib,/Users/brock/opencv/build/lib/libopencv_photo.4.5.3.dylib,/Users/brock/opencv/build/lib/libopencv_stitching.4.5.3.dylib,/Users/brock/opencv/build/lib/libopencv_video.4.5.3.dylib,/Users/brock/opencv/build/lib/libopencv_videoio.4.5.3.dylib,/Users/brock/opencv/build/lib/libopencv_dnn.4.5.3.dylib,/Users/brock/opencv/build/lib/libopencv_imgcodecs.4.5.3.dylib,/Users/brock/opencv/build/lib/libopencv_calib3d.4.5.3.dylib,/Users/brock/opencv/build/lib/libopencv_features2d.4.5.3.dylib,/Users/brock/opencv/build/lib/libopencv_flann.4.5.3.dylib,/Users/brock/opencv/build/lib/libopencv_imgproc.4.5.3.dylib,/Users/brock/opencv/build/lib/libopencv_core.4.5.3.dylib,"$(inherited)");
				OTHER_REZFLAGS = "";
				PRODUCT_NAME = brightness;
				SECTORDER_FLAGS = "";
				SYMROOT = "/Users/brock/dev/projects/Image-Processing-Tutorial-0-Setting-Up-OpenCV";
				SYSTEM_HEADER_SEARCH_PATHS = (/Users/brock/opencv/build,"/Users/brock/opencv/opencv-master/include","/Users/brock/opencv/opencv-master/modules/core/include","/Users/brock/opencv/opencv-master/modules/flann/include","/Users/brock/opencv/opencv-master/modules/imgproc/include","/Users/brock/opencv/opencv-master/modules/ml/include","/Users/brock/opencv/opencv-master/modules/photo/include","/Users/brock/opencv/opencv-master/modules/dnn/include","/Users/brock/opencv/opencv-master/modules/features2d/include","/Users/brock/opencv/opencv-master/modules/imgcodecs/include","/Users/brock/opencv/opencv-master/modules/videoio/include","/Users/brock/opencv/opencv-master/modules/calib3d/include","/Users/brock/opencv/opencv-master/modules/highgui/include","/Users/brock/opencv/opencv-master/modules/objdetect/include","/Users/brock/opencv/opencv-master/modules/stitching/include","/Users/brock/opencv/opencv-master/modules/ts/include","/Users/brock/opencv/opencv-master/modules/video/include","/Users/brock/opencv/opencv-master/modules/gapi/include","$(inherited)");
				USE_HEADERMAP = NO;
				WARNING_CFLAGS = ("$(inherited)");
			};
			name = RelWithDebInfo;
		};
		32AEECE0712D4EFF8E2869AE /* RelWithDebInfo */ = {
			isa = XCBuildConfiguration;
			buildSettings = {
				COMBINE_HIDPI_IMAGES = YES;
				EXECUTABLE_PREFIX = "";
				EXECUTABLE_SUFFIX = "";
				GCC_GENERATE_DEBUGGING_SYMBOLS = YES;
				GCC_INLINES_ARE_PRIVATE_EXTERN = NO;
				GCC_OPTIMIZATION_LEVEL = 2;
				GCC_PREPROCESSOR_DEFINITIONS = ("'CMAKE_INTDIR=\"$(CONFIGURATION)$(EFFECTIVE_PLATFORM_NAME)\"'","$(inherited)");
				GCC_SYMBOLS_PRIVATE_EXTERN = NO;
				INSTALL_PATH = "";
				LD_RUNPATH_SEARCH_PATHS = (/Users/brock/opencv/build/lib,"$(inherited)");
				OTHER_CPLUSPLUSFLAGS = "       -DNDEBUG '-std=gnu++14' ";
				OTHER_LDFLAGS = (" -Wl,-search_paths_first -Wl,-headerpad_max_install_names",/Users/brock/opencv/build/lib/libopencv_gapi.4.5.3.dylib,/Users/brock/opencv/build/lib/libopencv_highgui.4.5.3.dylib,/Users/brock/opencv/build/lib/libopencv_ml.4.5.3.dylib,/Users/brock/opencv/build/lib/libopencv_objdetect.4.5.3.dylib,/Users/brock/opencv/build/lib/libopencv_photo.4.5.3.dylib,/Users/brock/opencv/build/lib/libopencv_stitching.4.5.3.dylib,/Users/brock/opencv/build/lib/libopencv_video.4.5.3.dylib,/Users/brock/opencv/build/lib/libopencv_videoio.4.5.3.dylib,/Users/brock/opencv/build/lib/libopencv_dnn.4.5.3.dylib,/Users/brock/opencv/build/lib/libopencv_imgcodecs.4.5.3.dylib,/Users/brock/opencv/build/lib/libopencv_calib3d.4.5.3.dylib,/Users/brock/opencv/build/lib/libopencv_features2d.4.5.3.dylib,/Users/brock/opencv/build/lib/libopencv_flann.4.5.3.dylib,/Users/brock/opencv/build/lib/libopencv_imgproc.4.5.3.dylib,/Users/brock/opencv/build/lib/libopencv_core.4.5.3.dylib,"$(inherited)");
				OTHER_REZFLAGS = "";
				PRODUCT_NAME = gray2binary;
				SECTORDER_FLAGS = "";
				SYMROOT = "/Users/brock/dev/projects/Image-Processing-Tutorial-0-Setting-Up-OpenCV";
				SYSTEM_HEADER_SEARCH_PATHS = (/Users/brock/opencv/build,"/Users/brock/opencv/opencv-master/include","/Users/brock/opencv/opencv-master/modules/core/include","/Users/brock/opencv/opencv-master/modules/flann/include","/Users/brock/opencv/opencv-master/modules/imgproc/include","/Users/brock/opencv/opencv-master/modules/ml/include","/Users/brock/opencv/opencv-master/modules/photo/include","/Users/brock/opencv/opencv-master/modules/dnn/include","/Users/brock/opencv/opencv-master/modules/features2d/include","/Users/brock/opencv/opencv-master/modules/imgcodecs/include","/Users/brock/opencv/opencv-master/modules/videoio/include","/Users/brock/opencv/opencv-master/modules/calib3d/include","/Users/brock/opencv/opencv-master/modules/highgui/include","/Users/brock/opencv/opencv-master/modules/objdetect/include","/Users/brock/opencv/opencv-master/modules/stitching/include","/Users/brock/opencv/opencv-master/modules/ts/include","/Users/brock/opencv/opencv-master/modules/video/include","/Users/brock/opencv/opencv-master/modules/gapi/include","$(inherited)");
				USE_HEADERMAP = NO;
				WARNING_CFLAGS = ("$(inherited)");
			};
			name = RelWithDebInfo;
		};
		4A9642BF0116403692B11475 /* MinSizeRel */ = {
			isa = XCBuildConfiguration;
			buildSettings = {
				COMBINE_HIDPI_IMAGES = YES;
				GCC_GENERATE_DEBUGGING_SYMBOLS = YES;
				GCC_INLINES_ARE_PRIVATE_EXTERN = NO;
				GCC_OPTIMIZATION_LEVEL = 0;
				GCC_PREPROCESSOR_DEFINITIONS = ("'CMAKE_INTDIR=\"$(CONFIGURATION)$(EFFECTIVE_PLATFORM_NAME)\"'","$(inherited)");
				GCC_SYMBOLS_PRIVATE_EXTERN = NO;
				INSTALL_PATH = "";
				OTHER_LDFLAGS = ("","$(inherited)");
				OTHER_REZFLAGS = "";
				PRODUCT_NAME = ALL_BUILD;
				SECTORDER_FLAGS = "";
				SYMROOT = "/Users/brock/dev/projects/Image-Processing-Tutorial-0-Setting-Up-OpenCV";
				USE_HEADERMAP = NO;
				WARNING_CFLAGS = ("$(inherited)");
			};
			name = MinSizeRel;
		};
		58485B558A97430B9DACACFC /* MinSizeRel */ = {
			isa = XCBuildConfiguration;
			buildSettings = {
				COMBINE_HIDPI_IMAGES = YES;
				GCC_GENERATE_DEBUGGING_SYMBOLS = YES;
				GCC_INLINES_ARE_PRIVATE_EXTERN = NO;
				GCC_OPTIMIZATION_LEVEL = 0;
				GCC_PREPROCESSOR_DEFINITIONS = ("'CMAKE_INTDIR=\"$(CONFIGURATION)$(EFFECTIVE_PLATFORM_NAME)\"'","$(inherited)");
				GCC_SYMBOLS_PRIVATE_EXTERN = NO;
				INSTALL_PATH = "";
				OTHER_LDFLAGS = ("","$(inherited)");
				OTHER_REZFLAGS = "";
				PRODUCT_NAME = ZERO_CHECK;
				SECTORDER_FLAGS = "";
				SYMROOT = "/Users/brock/dev/projects/Image-Processing-Tutorial-0-Setting-Up-OpenCV";
				USE_HEADERMAP = NO;
				WARNING_CFLAGS = ("$(inherited)");
			};
			name = MinSizeRel;
		};
		5E15AFFDC0FA42FDA9E82648 /* Debug */ = {
			isa = XCBuildConfiguration;
			buildSettings = {
				COMBINE_HIDPI_IMAGES = YES;
				EXECUTABLE_PREFIX = "";
				EXECUTABLE_SUFFIX = "";
				GCC_GENERATE_DEBUGGING_SYMBOLS = YES;
				GCC_INLINES_ARE_PRIVATE_EXTERN = NO;
				GCC_OPTIMIZATION_LEVEL = 0;
				GCC_PREPROCESSOR_DEFINITIONS = ("'CMAKE_INTDIR=\"$(CONFIGURATION)$(EFFECTIVE_PLATFORM_NAME)\"'","$(inherited)");
				GCC_SYMBOLS_PRIVATE_EXTERN = NO;
				INSTALL_PATH = "";
				LD_RUNPATH_SEARCH_PATHS = (/Users/brock/opencv/build/lib,"$(inherited)");
				OTHER_CPLUSPLUSFLAGS = "   '-std=gnu++14' ";
				OTHER_LDFLAGS = (" -Wl,-search_paths_first -Wl,-headerpad_max_install_names",/Users/brock/opencv/build/lib/libopencv_gapi.4.5.3.dylib,/Users/brock/opencv/build/lib/libopencv_highgui.4.5.3.dylib,/Users/brock/opencv/build/lib/libopencv_ml.4.5.3.dylib,/Users/brock/opencv/build/lib/libopencv_objdetect.4.5.3.dylib,/Users/brock/opencv/build/lib/libopencv_photo.4.5.3.dylib,/Users/brock/opencv/build/lib/libopencv_stitching.4.5.3.dylib,/Users/brock/opencv/build/lib/libopencv_video.4.5.3.dylib,/Users/brock/opencv/build/lib/libopencv_videoio.4.5.3.dylib,/Users/brock/opencv/build/lib/libopencv_dnn.4.5.3.dylib,/Users/brock/opencv/build/lib/libopencv_imgcodecs.4.5.3.dylib,/Users/brock/opencv/build/lib/libopencv_calib3d.4.5.3.dylib,/Users/brock/opencv/build/lib/libopencv_features2d.4.5.3.dylib,/Users/brock/opencv/build/lib/libopencv_flann.4.5.3.dylib,/Users/brock/opencv/build/lib/libopencv_imgproc.4.5.3.dylib,/Users/brock/opencv/build/lib/libopencv_core.4.5.3.dylib,"$(inherited)");
				OTHER_REZFLAGS = "";
				PRODUCT_NAME = rgb2gray;
				SECTORDER_FLAGS = "";
				SYMROOT = "/Users/brock/dev/projects/Image-Processing-Tutorial-0-Setting-Up-OpenCV";
				SYSTEM_HEADER_SEARCH_PATHS = (/Users/brock/opencv/build,"/Users/brock/opencv/opencv-master/include","/Users/brock/opencv/opencv-master/modules/core/include","/Users/brock/opencv/opencv-master/modules/flann/include","/Users/brock/opencv/opencv-master/modules/imgproc/include","/Users/brock/opencv/opencv-master/modules/ml/include","/Users/brock/opencv/opencv-master/modules/photo/include","/Users/brock/opencv/opencv-master/modules/dnn/include","/Users/brock/opencv/opencv-master/modules/features2d/include","/Users/brock/opencv/opencv-master/modules/imgcodecs/include","/Users/brock/opencv/opencv-master/modules/videoio/include","/Users/brock/opencv/opencv-master/modules/calib3d/include","/Users/brock/opencv/opencv-master/modules/highgui/include","/Users/brock/opencv/opencv-master/modules/objdetect/include","/Users/brock/opencv/opencv-master/modules/stitching/include","/Users/brock/opencv/opencv-master/modules/ts/include","/Users/brock/opencv/opencv-master/modules/video/include","/Users/brock/opencv/opencv-master/modules/gapi/include","$(inherited)");
				USE_HEADERMAP = NO;
				WARNING_CFLAGS = ("$(inherited)");
			};
			name = Debug;
		};
		644FFB4692974736BD167F06 /* MinSizeRel */ = {
			isa = XCBuildConfiguration;
			buildSettings = {
				COMBINE_HIDPI_IMAGES = YES;
				EXECUTABLE_PREFIX = "";
				EXECUTABLE_SUFFIX = "";
				GCC_GENERATE_DEBUGGING_SYMBOLS = NO;
				GCC_INLINES_ARE_PRIVATE_EXTERN = NO;
				GCC_OPTIMIZATION_LEVEL = s;
				GCC_PREPROCESSOR_DEFINITIONS = ("'CMAKE_INTDIR=\"$(CONFIGURATION)$(EFFECTIVE_PLATFORM_NAME)\"'","$(inherited)");
				GCC_SYMBOLS_PRIVATE_EXTERN = NO;
				INSTALL_PATH = "";
				LD_RUNPATH_SEARCH_PATHS = (/Users/brock/opencv/build/lib,"$(inherited)");
				OTHER_CPLUSPLUSFLAGS = "    -DNDEBUG '-std=gnu++14' ";
				OTHER_LDFLAGS = (" -Wl,-search_paths_first -Wl,-headerpad_max_install_names",/Users/brock/opencv/build/lib/libopencv_gapi.4.5.3.dylib,/Users/brock/opencv/build/lib/libopencv_highgui.4.5.3.dylib,/Users/brock/opencv/build/lib/libopencv_ml.4.5.3.dylib,/Users/brock/opencv/build/lib/libopencv_objdetect.4.5.3.dylib,/Users/brock/opencv/build/lib/libopencv_photo.4.5.3.dylib,/Users/brock/opencv/build/lib/libopencv_stitching.4.5.3.dylib,/Users/brock/opencv/build/lib/libopencv_video.4.5.3.dylib,/Users/brock/opencv/build/lib/libopencv_videoio.4.5.3.dylib,/Users/brock/opencv/build/lib/libopencv_dnn.4.5.3.dylib,/Users/brock/opencv/build/lib/libopencv_imgcodecs.4.5.3.dylib,/Users/brock/opencv/build/lib/libopencv_calib3d.4.5.3.dylib,/Users/brock/opencv/build/lib/libopencv_features2d.4.5.3.dylib,/Users/brock/opencv/build/lib/libopencv_flann.4.5.3.dylib,/Users/brock/opencv/build/lib/libopencv_imgproc.4.5.3.dylib,/Users/brock/opencv/build/lib/libopencv_core.4.5.3.dylib,"$(inherited)");
				OTHER_REZFLAGS = "";
				PRODUCT_NAME = contrast;
				SECTORDER_FLAGS = "";
				SYMROOT = "/Users/brock/dev/projects/Image-Processing-Tutorial-0-Setting-Up-OpenCV";
				SYSTEM_HEADER_SEARCH_PATHS = (/Users/brock/opencv/build,"/Users/brock/opencv/opencv-master/include","/Users/brock/opencv/opencv-master/modules/core/include","/Users/brock/opencv/opencv-master/modules/flann/include","/Users/brock/opencv/opencv-master/modules/imgproc/include","/Users/brock/opencv/opencv-master/modules/ml/include","/Users/brock/opencv/opencv-master/modules/photo/include","/Users/brock/opencv/opencv-master/modules/dnn/include","/Users/brock/opencv/opencv-master/modules/features2d/include","/Users/brock/opencv/opencv-master/modules/imgcodecs/include","/Users/brock/opencv/opencv-master/modules/videoio/include","/Users/brock/opencv/opencv-master/modules/calib3d/include","/Users/brock/opencv/opencv-master/modules/highgui/include","/Users/brock/opencv/opencv-master/modules/objdetect/include","/Users/brock/opencv/opencv-master/modules/stitching/include","/Users/brock/opencv/opencv-master/modules/ts/include","/Users/brock/opencv/opencv-master/modules/video/include","/Users/brock/opencv/opencv-master/modules/gapi/include","$(inherited)");
				USE_HEADERMAP = NO;
				WARNING_CFLAGS = ("$(inherited)");
			};
			name = MinSizeRel;
		};
		6990D70AAA244B92B19FF2E7 /* Debug */ = {
			isa = XCBuildConfiguration;
			buildSettings = {
				COMBINE_HIDPI_IMAGES = YES;
				GCC_GENERATE_DEBUGGING_SYMBOLS = YES;
				GCC_INLINES_ARE_PRIVATE_EXTERN = NO;
				GCC_OPTIMIZATION_LEVEL = 0;
				GCC_PREPROCESSOR_DEFINITIONS = ("'CMAKE_INTDIR=\"$(CONFIGURATION)$(EFFECTIVE_PLATFORM_NAME)\"'","$(inherited)");
				GCC_SYMBOLS_PRIVATE_EXTERN = NO;
				INSTALL_PATH = "";
				OTHER_LDFLAGS = ("","$(inherited)");
				OTHER_REZFLAGS = "";
				PRODUCT_NAME = ALL_BUILD;
				SECTORDER_FLAGS = "";
				SYMROOT = "/Users/brock/dev/projects/Image-Processing-Tutorial-0-Setting-Up-OpenCV";
				USE_HEADERMAP = NO;
				WARNING_CFLAGS = ("$(inherited)");
			};
			name = Debug;
		};
		70B3563299A9449FB69176A4 /* Debug */ = {
			isa = XCBuildConfiguration;
			buildSettings = {
				COMBINE_HIDPI_IMAGES = YES;
				EXECUTABLE_PREFIX = "";
				EXECUTABLE_SUFFIX = "";
				GCC_GENERATE_DEBUGGING_SYMBOLS = YES;
				GCC_INLINES_ARE_PRIVATE_EXTERN = NO;
				GCC_OPTIMIZATION_LEVEL = 0;
				GCC_PREPROCESSOR_DEFINITIONS = ("'CMAKE_INTDIR=\"$(CONFIGURATION)$(EFFECTIVE_PLATFORM_NAME)\"'","$(inherited)");
				GCC_SYMBOLS_PRIVATE_EXTERN = NO;
				INSTALL_PATH = "";
				LD_RUNPATH_SEARCH_PATHS = (/Users/brock/opencv/build/lib,"$(inherited)");
				OTHER_CPLUSPLUSFLAGS = "   '-std=gnu++14' ";
				OTHER_LDFLAGS = (" -Wl,-search_paths_first -Wl,-headerpad_max_install_names",/Users/brock/opencv/build/lib/libopencv_gapi.4.5.3.dylib,/Users/brock/opencv/build/lib/libopencv_highgui.4.5.3.dylib,/Users/brock/opencv/build/lib/libopencv_ml.4.5.3.dylib,/Users/brock/opencv/build/lib/libopencv_objdetect.4.5.3.dylib,/Users/brock/opencv/build/lib/libopencv_photo.4.5.3.dylib,/Users/brock/opencv/build/lib/libopencv_stitching.4.5.3.dylib,/Users/brock/opencv/build/lib/libopencv_video.4.5.3.dylib,/Users/brock/opencv/build/lib/libopencv_videoio.4.5.3.dylib,/Users/brock/opencv/build/lib/libopencv_dnn.4.5.3.dylib,/Users/brock/opencv/build/lib/libopencv_imgcodecs.4.5.3.dylib,/Users/brock/opencv/build/lib/libopencv_calib3d.4.5.3.dylib,/Users/brock/opencv/build/lib/libopencv_features2d.4.5.3.dylib,/Users/brock/opencv/build/lib/libopencv_flann.4.5.3.dylib,/Users/brock/opencv/build/lib/libopencv_imgproc.4.5.3.dylib,/Users/brock/opencv/build/lib/libopencv_core.4.5.3.dylib,"$(inherited)");
				OTHER_REZFLAGS = "";
				PRODUCT_NAME = contrast;
				SECTORDER_FLAGS = "";
				SYMROOT = "/Users/brock/dev/projects/Image-Processing-Tutorial-0-Setting-Up-OpenCV";
				SYSTEM_HEADER_SEARCH_PATHS = (/Users/brock/opencv/build,"/Users/brock/opencv/opencv-master/include","/Users/brock/opencv/opencv-master/modules/core/include","/Users/brock/opencv/opencv-master/modules/flann/include","/Users/brock/opencv/opencv-master/modules/imgproc/include","/Users/brock/opencv/opencv-master/modules/ml/include","/Users/brock/opencv/opencv-master/modules/photo/include","/Users/brock/opencv/opencv-master/modules/dnn/include","/Users/brock/opencv/opencv-master/modules/features2d/include","/Users/brock/opencv/opencv-master/modules/imgcodecs/include","/Users/brock/opencv/opencv-master/modules/videoio/include","/Users/brock/opencv/opencv-master/modules/calib3d/include","/Users/brock/opencv/opencv-master/modules/highgui/include","/Users/brock/opencv/opencv-master/modules/objdetect/include","/Users/brock/opencv/opencv-master/modules/stitching/include","/Users/brock/opencv/opencv-master/modules/ts/include","/Users/brock/opencv/opencv-master/modules/video/include","/Users/brock/opencv/opencv-master/modules/gapi/include","$(inherited)");
				USE_HEADERMAP = NO;
				WARNING_CFLAGS = ("$(inherited)");
			};
			name = Debug;
		};
		7349AD3D324749A7ACF1E513 /* Release */ = {
			isa = XCBuildConfiguration;
			buildSettings = {
				COMBINE_HIDPI_IMAGES = YES;
				GCC_GENERATE_DEBUGGING_SYMBOLS = YES;
				GCC_INLINES_ARE_PRIVATE_EXTERN = NO;
				GCC_OPTIMIZATION_LEVEL = 0;
				GCC_PREPROCESSOR_DEFINITIONS = ("'CMAKE_INTDIR=\"$(CONFIGURATION)$(EFFECTIVE_PLATFORM_NAME)\"'","$(inherited)");
				GCC_SYMBOLS_PRIVATE_EXTERN = NO;
				INSTALL_PATH = "";
				OTHER_LDFLAGS = ("","$(inherited)");
				OTHER_REZFLAGS = "";
				PRODUCT_NAME = ALL_BUILD;
				SECTORDER_FLAGS = "";
				SYMROOT = "/Users/brock/dev/projects/Image-Processing-Tutorial-0-Setting-Up-OpenCV";
				USE_HEADERMAP = NO;
				WARNING_CFLAGS = ("$(inherited)");
			};
			name = Release;
		};
		886673D66585478AB13AE5DB /* Debug */ = {
			isa = XCBuildConfiguration;
			buildSettings = {
				COMBINE_HIDPI_IMAGES = YES;
				EXECUTABLE_PREFIX = "";
				EXECUTABLE_SUFFIX = "";
				GCC_GENERATE_DEBUGGING_SYMBOLS = YES;
				GCC_INLINES_ARE_PRIVATE_EXTERN = NO;
				GCC_OPTIMIZATION_LEVEL = 0;
				GCC_PREPROCESSOR_DEFINITIONS = ("'CMAKE_INTDIR=\"$(CONFIGURATION)$(EFFECTIVE_PLATFORM_NAME)\"'","$(inherited)");
				GCC_SYMBOLS_PRIVATE_EXTERN = NO;
				INSTALL_PATH = "";
				LD_RUNPATH_SEARCH_PATHS = (/Users/brock/opencv/build/lib,"$(inherited)");
				OTHER_CPLUSPLUSFLAGS = "   '-std=gnu++14' ";
				OTHER_LDFLAGS = (" -Wl,-search_paths_first -Wl,-headerpad_max_install_names",/Users/brock/opencv/build/lib/libopencv_gapi.4.5.3.dylib,/Users/brock/opencv/build/lib/libopencv_highgui.4.5.3.dylib,/Users/brock/opencv/build/lib/libopencv_ml.4.5.3.dylib,/Users/brock/opencv/build/lib/libopencv_objdetect.4.5.3.dylib,/Users/brock/opencv/build/lib/libopencv_photo.4.5.3.dylib,/Users/brock/opencv/build/lib/libopencv_stitching.4.5.3.dylib,/Users/brock/opencv/build/lib/libopencv_video.4.5.3.dylib,/Users/brock/opencv/build/lib/libopencv_videoio.4.5.3.dylib,/Users/brock/opencv/build/lib/libopencv_dnn.4.5.3.dylib,/Users/brock/opencv/build/lib/libopencv_imgcodecs.4.5.3.dylib,/Users/brock/opencv/build/lib/libopencv_calib3d.4.5.3.dylib,/Users/brock/opencv/build/lib/libopencv_features2d.4.5.3.dylib,/Users/brock/opencv/build/lib/libopencv_flann.4.5.3.dylib,/Users/brock/opencv/build/lib/libopencv_imgproc.4.5.3.dylib,/Users/brock/opencv/build/lib/libopencv_core.4.5.3.dylib,"$(inherited)");
				OTHER_REZFLAGS = "";
				PRODUCT_NAME = brightness;
				SECTORDER_FLAGS = "";
				SYMROOT = "/Users/brock/dev/projects/Image-Processing-Tutorial-0-Setting-Up-OpenCV";
				SYSTEM_HEADER_SEARCH_PATHS = (/Users/brock/opencv/build,"/Users/brock/opencv/opencv-master/include","/Users/brock/opencv/opencv-master/modules/core/include","/Users/brock/opencv/opencv-master/modules/flann/include","/Users/brock/opencv/opencv-master/modules/imgproc/include","/Users/brock/opencv/opencv-master/modules/ml/include","/Users/brock/opencv/opencv-master/modules/photo/include","/Users/brock/opencv/opencv-master/modules/dnn/include","/Users/brock/opencv/opencv-master/modules/features2d/include","/Users/brock/opencv/opencv-master/modules/imgcodecs/include","/Users/brock/opencv/opencv-master/modules/videoio/include","/Users/brock/opencv/opencv-master/modules/calib3d/include","/Users/brock/opencv/opencv-master/modules/highgui/include","/Users/brock/opencv/opencv-master/modules/objdetect/include","/Users/brock/opencv/opencv-master/modules/stitching/include","/Users/brock/opencv/opencv-master/modules/ts/include","/Users/brock/opencv/opencv-master/modules/video/include","/Users/brock/opencv/opencv-master/modules/gapi/include","$(inherited)");
				USE_HEADERMAP = NO;
				WARNING_CFLAGS = ("$(inherited)");
			};
			name = Debug;
		};
		B2FA551420404BF9ADF25C8D /* Release */ = {
			isa = XCBuildConfiguration;
			buildSettings = {
				ARCHS = "$(NATIVE_ARCH_ACTUAL)";
				ONLY_ACTIVE_ARCH = YES;
				SDKROOT = /Applications/Xcode.app/Contents/Developer/Platforms/MacOSX.platform/Developer/SDKs/MacOSX11.3.sdk;
				SYMROOT = "/Users/brock/dev/projects/Image-Processing-Tutorial-0-Setting-Up-OpenCV/build";
			};
			name = Release;
		};
		CDB9B88B9F3543A0B6DE57CF /* Release */ = {
			isa = XCBuildConfiguration;
			buildSettings = {
				COMBINE_HIDPI_IMAGES = YES;
				GCC_GENERATE_DEBUGGING_SYMBOLS = YES;
				GCC_INLINES_ARE_PRIVATE_EXTERN = NO;
				GCC_OPTIMIZATION_LEVEL = 0;
				GCC_PREPROCESSOR_DEFINITIONS = ("'CMAKE_INTDIR=\"$(CONFIGURATION)$(EFFECTIVE_PLATFORM_NAME)\"'","$(inherited)");
				GCC_SYMBOLS_PRIVATE_EXTERN = NO;
				INSTALL_PATH = "";
				OTHER_LDFLAGS = ("","$(inherited)");
				OTHER_REZFLAGS = "";
				PRODUCT_NAME = ZERO_CHECK;
				SECTORDER_FLAGS = "";
				SYMROOT = "/Users/brock/dev/projects/Image-Processing-Tutorial-0-Setting-Up-OpenCV";
				USE_HEADERMAP = NO;
				WARNING_CFLAGS = ("$(inherited)");
			};
			name = Release;
		};
		DCD8B540377746C48B648FD3 /* Release */ = {
			isa = XCBuildConfiguration;
			buildSettings = {
				COMBINE_HIDPI_IMAGES = YES;
				EXECUTABLE_PREFIX = "";
				EXECUTABLE_SUFFIX = "";
				GCC_GENERATE_DEBUGGING_SYMBOLS = NO;
				GCC_INLINES_ARE_PRIVATE_EXTERN = NO;
				GCC_OPTIMIZATION_LEVEL = 3;
				GCC_PREPROCESSOR_DEFINITIONS = ("'CMAKE_INTDIR=\"$(CONFIGURATION)$(EFFECTIVE_PLATFORM_NAME)\"'","$(inherited)");
				GCC_SYMBOLS_PRIVATE_EXTERN = NO;
				INSTALL_PATH = "";
				LD_RUNPATH_SEARCH_PATHS = (/Users/brock/opencv/build/lib,"$(inherited)");
				OTHER_CPLUSPLUSFLAGS = "    -DNDEBUG '-std=gnu++14' ";
				OTHER_LDFLAGS = (" -Wl,-search_paths_first -Wl,-headerpad_max_install_names",/Users/brock/opencv/build/lib/libopencv_gapi.4.5.3.dylib,/Users/brock/opencv/build/lib/libopencv_highgui.4.5.3.dylib,/Users/brock/opencv/build/lib/libopencv_ml.4.5.3.dylib,/Users/brock/opencv/build/lib/libopencv_objdetect.4.5.3.dylib,/Users/brock/opencv/build/lib/libopencv_photo.4.5.3.dylib,/Users/brock/opencv/build/lib/libopencv_stitching.4.5.3.dylib,/Users/brock/opencv/build/lib/libopencv_video.4.5.3.dylib,/Users/brock/opencv/build/lib/libopencv_videoio.4.5.3.dylib,/Users/brock/opencv/build/lib/libopencv_dnn.4.5.3.dylib,/Users/brock/opencv/build/lib/libopencv_imgcodecs.4.5.3.dylib,/Users/brock/opencv/build/lib/libopencv_calib3d.4.5.3.dylib,/Users/brock/opencv/build/lib/libopencv_features2d.4.5.3.dylib,/Users/brock/opencv/build/lib/libopencv_flann.4.5.3.dylib,/Users/brock/opencv/build/lib/libopencv_imgproc.4.5.3.dylib,/Users/brock/opencv/build/lib/libopencv_core.4.5.3.dylib,"$(inherited)");
				OTHER_REZFLAGS = "";
				PRODUCT_NAME = contrast;
				SECTORDER_FLAGS = "";
				SYMROOT = "/Users/brock/dev/projects/Image-Processing-Tutorial-0-Setting-Up-OpenCV";
				SYSTEM_HEADER_SEARCH_PATHS = (/Users/brock/opencv/build,"/Users/brock/opencv/opencv-master/include","/Users/brock/opencv/opencv-master/modules/core/include","/Users/brock/opencv/opencv-master/modules/flann/include","/Users/brock/opencv/opencv-master/modules/imgproc/include","/Users/brock/opencv/opencv-master/modules/ml/include","/Users/brock/opencv/opencv-master/modules/photo/include","/Users/brock/opencv/opencv-master/modules/dnn/include","/Users/brock/opencv/opencv-master/modules/features2d/include","/Users/brock/opencv/opencv-master/modules/imgcodecs/include","/Users/brock/opencv/opencv-master/modules/videoio/include","/Users/brock/opencv/opencv-master/modules/calib3d/include","/Users/brock/opencv/opencv-master/modules/highgui/include","/Users/brock/opencv/opencv-master/modules/objdetect/include","/Users/brock/opencv/opencv-master/modules/stitching/include","/Users/brock/opencv/opencv-master/modules/ts/include","/Users/brock/opencv/opencv-master/modules/video/include","/Users/brock/opencv/opencv-master/modules/gapi/include","$(inherited)");
				USE_HEADERMAP = NO;
				WARNING_CFLAGS = ("$(inherited)");
			};
			name = Release;
		};
		E003FAE3468B4D87B24B7F95 /* RelWithDebInfo */ = {
			isa = XCBuildConfiguration;
			buildSettings = {
				ARCHS = "$(NATIVE_ARCH_ACTUAL)";
				ONLY_ACTIVE_ARCH = YES;
				SDKROOT = /Applications/Xcode.app/Contents/Developer/Platforms/MacOSX.platform/Developer/SDKs/MacOSX11.3.sdk;
				SYMROOT = "/Users/brock/dev/projects/Image-Processing-Tutorial-0-Setting-Up-OpenCV/build";
			};
			name = RelWithDebInfo;
		};
		E3E6CA21FE2B420684875A6A /* RelWithDebInfo */ = {
			isa = XCBuildConfiguration;
			buildSettings = {
				COMBINE_HIDPI_IMAGES = YES;
				GCC_GENERATE_DEBUGGING_SYMBOLS = YES;
				GCC_INLINES_ARE_PRIVATE_EXTERN = NO;
				GCC_OPTIMIZATION_LEVEL = 0;
				GCC_PREPROCESSOR_DEFINITIONS = ("'CMAKE_INTDIR=\"$(CONFIGURATION)$(EFFECTIVE_PLATFORM_NAME)\"'","$(inherited)");
				GCC_SYMBOLS_PRIVATE_EXTERN = NO;
				INSTALL_PATH = "";
				OTHER_LDFLAGS = ("","$(inherited)");
				OTHER_REZFLAGS = "";
				PRODUCT_NAME = ZERO_CHECK;
				SECTORDER_FLAGS = "";
				SYMROOT = "/Users/brock/dev/projects/Image-Processing-Tutorial-0-Setting-Up-OpenCV";
				USE_HEADERMAP = NO;
				WARNING_CFLAGS = ("$(inherited)");
			};
			name = RelWithDebInfo;
		};
		EB8F8E924F874698AE3D9027 /* MinSizeRel */ = {
			isa = XCBuildConfiguration;
			buildSettings = {
				COMBINE_HIDPI_IMAGES = YES;
				EXECUTABLE_PREFIX = "";
				EXECUTABLE_SUFFIX = "";
				GCC_GENERATE_DEBUGGING_SYMBOLS = NO;
				GCC_INLINES_ARE_PRIVATE_EXTERN = NO;
				GCC_OPTIMIZATION_LEVEL = s;
				GCC_PREPROCESSOR_DEFINITIONS = ("'CMAKE_INTDIR=\"$(CONFIGURATION)$(EFFECTIVE_PLATFORM_NAME)\"'","$(inherited)");
				GCC_SYMBOLS_PRIVATE_EXTERN = NO;
				INSTALL_PATH = "";
				LD_RUNPATH_SEARCH_PATHS = (/Users/brock/opencv/build/lib,"$(inherited)");
				OTHER_CPLUSPLUSFLAGS = "    -DNDEBUG '-std=gnu++14' ";
				OTHER_LDFLAGS = (" -Wl,-search_paths_first -Wl,-headerpad_max_install_names",/Users/brock/opencv/build/lib/libopencv_gapi.4.5.3.dylib,/Users/brock/opencv/build/lib/libopencv_highgui.4.5.3.dylib,/Users/brock/opencv/build/lib/libopencv_ml.4.5.3.dylib,/Users/brock/opencv/build/lib/libopencv_objdetect.4.5.3.dylib,/Users/brock/opencv/build/lib/libopencv_photo.4.5.3.dylib,/Users/brock/opencv/build/lib/libopencv_stitching.4.5.3.dylib,/Users/brock/opencv/build/lib/libopencv_video.4.5.3.dylib,/Users/brock/opencv/build/lib/libopencv_videoio.4.5.3.dylib,/Users/brock/opencv/build/lib/libopencv_dnn.4.5.3.dylib,/Users/brock/opencv/build/lib/libopencv_imgcodecs.4.5.3.dylib,/Users/brock/opencv/build/lib/libopencv_calib3d.4.5.3.dylib,/Users/brock/opencv/build/lib/libopencv_features2d.4.5.3.dylib,/Users/brock/opencv/build/lib/libopencv_flann.4.5.3.dylib,/Users/brock/opencv/build/lib/libopencv_imgproc.4.5.3.dylib,/Users/brock/opencv/build/lib/libopencv_core.4.5.3.dylib,"$(inherited)");
				OTHER_REZFLAGS = "";
				PRODUCT_NAME = gray2binary;
				SECTORDER_FLAGS = "";
				SYMROOT = "/Users/brock/dev/projects/Image-Processing-Tutorial-0-Setting-Up-OpenCV";
				SYSTEM_HEADER_SEARCH_PATHS = (/Users/brock/opencv/build,"/Users/brock/opencv/opencv-master/include","/Users/brock/opencv/opencv-master/modules/core/include","/Users/brock/opencv/opencv-master/modules/flann/include","/Users/brock/opencv/opencv-master/modules/imgproc/include","/Users/brock/opencv/opencv-master/modules/ml/include","/Users/brock/opencv/opencv-master/modules/photo/include","/Users/brock/opencv/opencv-master/modules/dnn/include","/Users/brock/opencv/opencv-master/modules/features2d/include","/Users/brock/opencv/opencv-master/modules/imgcodecs/include","/Users/brock/opencv/opencv-master/modules/videoio/include","/Users/brock/opencv/opencv-master/modules/calib3d/include","/Users/brock/opencv/opencv-master/modules/highgui/include","/Users/brock/opencv/opencv-master/modules/objdetect/include","/Users/brock/opencv/opencv-master/modules/stitching/include","/Users/brock/opencv/opencv-master/modules/ts/include","/Users/brock/opencv/opencv-master/modules/video/include","/Users/brock/opencv/opencv-master/modules/gapi/include","$(inherited)");
				USE_HEADERMAP = NO;
				WARNING_CFLAGS = ("$(inherited)");
			};
			name = MinSizeRel;
		};
		F2E7C9E2CD204923BCE09B07 /* MinSizeRel */ = {
			isa = XCBuildConfiguration;
			buildSettings = {
				ARCHS = "$(NATIVE_ARCH_ACTUAL)";
				ONLY_ACTIVE_ARCH = YES;
				SDKROOT = /Applications/Xcode.app/Contents/Developer/Platforms/MacOSX.platform/Developer/SDKs/MacOSX11.3.sdk;
				SYMROOT = "/Users/brock/dev/projects/Image-Processing-Tutorial-0-Setting-Up-OpenCV/build";
			};
			name = MinSizeRel;
		};
		F391FCB7CAF0468C9A54D027 /* Release */ = {
			isa = XCBuildConfiguration;
			buildSettings = {
				COMBINE_HIDPI_IMAGES = YES;
				EXECUTABLE_PREFIX = "";
				EXECUTABLE_SUFFIX = "";
				GCC_GENERATE_DEBUGGING_SYMBOLS = NO;
				GCC_INLINES_ARE_PRIVATE_EXTERN = NO;
				GCC_OPTIMIZATION_LEVEL = 3;
				GCC_PREPROCESSOR_DEFINITIONS = ("'CMAKE_INTDIR=\"$(CONFIGURATION)$(EFFECTIVE_PLATFORM_NAME)\"'","$(inherited)");
				GCC_SYMBOLS_PRIVATE_EXTERN = NO;
				INSTALL_PATH = "";
				LD_RUNPATH_SEARCH_PATHS = (/Users/brock/opencv/build/lib,"$(inherited)");
				OTHER_CPLUSPLUSFLAGS = "    -DNDEBUG '-std=gnu++14' ";
				OTHER_LDFLAGS = (" -Wl,-search_paths_first -Wl,-headerpad_max_install_names",/Users/brock/opencv/build/lib/libopencv_gapi.4.5.3.dylib,/Users/brock/opencv/build/lib/libopencv_highgui.4.5.3.dylib,/Users/brock/opencv/build/lib/libopencv_ml.4.5.3.dylib,/Users/brock/opencv/build/lib/libopencv_objdetect.4.5.3.dylib,/Users/brock/opencv/build/lib/libopencv_photo.4.5.3.dylib,/Users/brock/opencv/build/lib/libopencv_stitching.4.5.3.dylib,/Users/brock/opencv/build/lib/libopencv_video.4.5.3.dylib,/Users/brock/opencv/build/lib/libopencv_videoio.4.5.3.dylib,/Users/brock/opencv/build/lib/libopencv_dnn.4.5.3.dylib,/Users/brock/opencv/build/lib/libopencv_imgcodecs.4.5.3.dylib,/Users/brock/opencv/build/lib/libopencv_calib3d.4.5.3.dylib,/Users/brock/opencv/build/lib/libopencv_features2d.4.5.3.dylib,/Users/brock/opencv/build/lib/libopencv_flann.4.5.3.dylib,/Users/brock/opencv/build/lib/libopencv_imgproc.4.5.3.dylib,/Users/brock/opencv/build/lib/libopencv_core.4.5.3.dylib,"$(inherited)");
				OTHER_REZFLAGS = "";
				PRODUCT_NAME = rgb2gray;
				SECTORDER_FLAGS = "";
				SYMROOT = "/Users/brock/dev/projects/Image-Processing-Tutorial-0-Setting-Up-OpenCV";
				SYSTEM_HEADER_SEARCH_PATHS = (/Users/brock/opencv/build,"/Users/brock/opencv/opencv-master/include","/Users/brock/opencv/opencv-master/modules/core/include","/Users/brock/opencv/opencv-master/modules/flann/include","/Users/brock/opencv/opencv-master/modules/imgproc/include","/Users/brock/opencv/opencv-master/modules/ml/include","/Users/brock/opencv/opencv-master/modules/photo/include","/Users/brock/opencv/opencv-master/modules/dnn/include","/Users/brock/opencv/opencv-master/modules/features2d/include","/Users/brock/opencv/opencv-master/modules/imgcodecs/include","/Users/brock/opencv/opencv-master/modules/videoio/include","/Users/brock/opencv/opencv-master/modules/calib3d/include","/Users/brock/opencv/opencv-master/modules/highgui/include","/Users/brock/opencv/opencv-master/modules/objdetect/include","/Users/brock/opencv/opencv-master/modules/stitching/include","/Users/brock/opencv/opencv-master/modules/ts/include","/Users/brock/opencv/opencv-master/modules/video/include","/Users/brock/opencv/opencv-master/modules/gapi/include","$(inherited)");
				USE_HEADERMAP = NO;
				WARNING_CFLAGS = ("$(inherited)");
			};
			name = Release;
		};
		F648F51B8D1F46E090243087 /* Debug */ = {
			isa = XCBuildConfiguration;
			buildSettings = {
				COMBINE_HIDPI_IMAGES = YES;
				GCC_GENERATE_DEBUGGING_SYMBOLS = YES;
				GCC_INLINES_ARE_PRIVATE_EXTERN = NO;
				GCC_OPTIMIZATION_LEVEL = 0;
				GCC_PREPROCESSOR_DEFINITIONS = ("'CMAKE_INTDIR=\"$(CONFIGURATION)$(EFFECTIVE_PLATFORM_NAME)\"'","$(inherited)");
				GCC_SYMBOLS_PRIVATE_EXTERN = NO;
				INSTALL_PATH = "";
				OTHER_LDFLAGS = ("","$(inherited)");
				OTHER_REZFLAGS = "";
				PRODUCT_NAME = ZERO_CHECK;
				SECTORDER_FLAGS = "";
				SYMROOT = "/Users/brock/dev/projects/Image-Processing-Tutorial-0-Setting-Up-OpenCV";
				USE_HEADERMAP = NO;
				WARNING_CFLAGS = ("$(inherited)");
			};
			name = Debug;
		};
		F8EAE105E4DE40C8862CF40E /* RelWithDebInfo */ = {
			isa = XCBuildConfiguration;
			buildSettings = {
				COMBINE_HIDPI_IMAGES = YES;
				EXECUTABLE_PREFIX = "";
				EXECUTABLE_SUFFIX = "";
				GCC_GENERATE_DEBUGGING_SYMBOLS = YES;
				GCC_INLINES_ARE_PRIVATE_EXTERN = NO;
				GCC_OPTIMIZATION_LEVEL = 2;
				GCC_PREPROCESSOR_DEFINITIONS = ("'CMAKE_INTDIR=\"$(CONFIGURATION)$(EFFECTIVE_PLATFORM_NAME)\"'","$(inherited)");
				GCC_SYMBOLS_PRIVATE_EXTERN = NO;
				INSTALL_PATH = "";
				LD_RUNPATH_SEARCH_PATHS = (/Users/brock/opencv/build/lib,"$(inherited)");
				OTHER_CPLUSPLUSFLAGS = "       -DNDEBUG '-std=gnu++14' ";
				OTHER_LDFLAGS = (" -Wl,-search_paths_first -Wl,-headerpad_max_install_names",/Users/brock/opencv/build/lib/libopencv_gapi.4.5.3.dylib,/Users/brock/opencv/build/lib/libopencv_highgui.4.5.3.dylib,/Users/brock/opencv/build/lib/libopencv_ml.4.5.3.dylib,/Users/brock/opencv/build/lib/libopencv_objdetect.4.5.3.dylib,/Users/brock/opencv/build/lib/libopencv_photo.4.5.3.dylib,/Users/brock/opencv/build/lib/libopencv_stitching.4.5.3.dylib,/Users/brock/opencv/build/lib/libopencv_video.4.5.3.dylib,/Users/brock/opencv/build/lib/libopencv_videoio.4.5.3.dylib,/Users/brock/opencv/build/lib/libopencv_dnn.4.5.3.dylib,/Users/brock/opencv/build/lib/libopencv_imgcodecs.4.5.3.dylib,/Users/brock/opencv/build/lib/libopencv_calib3d.4.5.3.dylib,/Users/brock/opencv/build/lib/libopencv_features2d.4.5.3.dylib,/Users/brock/opencv/build/lib/libopencv_flann.4.5.3.dylib,/Users/brock/opencv/build/lib/libopencv_imgproc.4.5.3.dylib,/Users/brock/opencv/build/lib/libopencv_core.4.5.3.dylib,"$(inherited)");
				OTHER_REZFLAGS = "";
				PRODUCT_NAME = rgb2gray;
				SECTORDER_FLAGS = "";
				SYMROOT = "/Users/brock/dev/projects/Image-Processing-Tutorial-0-Setting-Up-OpenCV";
				SYSTEM_HEADER_SEARCH_PATHS = (/Users/brock/opencv/build,"/Users/brock/opencv/opencv-master/include","/Users/brock/opencv/opencv-master/modules/core/include","/Users/brock/opencv/opencv-master/modules/flann/include","/Users/brock/opencv/opencv-master/modules/imgproc/include","/Users/brock/opencv/opencv-master/modules/ml/include","/Users/brock/opencv/opencv-master/modules/photo/include","/Users/brock/opencv/opencv-master/modules/dnn/include","/Users/brock/opencv/opencv-master/modules/features2d/include","/Users/brock/opencv/opencv-master/modules/imgcodecs/include","/Users/brock/opencv/opencv-master/modules/videoio/include","/Users/brock/opencv/opencv-master/modules/calib3d/include","/Users/brock/opencv/opencv-master/modules/highgui/include","/Users/brock/opencv/opencv-master/modules/objdetect/include","/Users/brock/opencv/opencv-master/modules/stitching/include","/Users/brock/opencv/opencv-master/modules/ts/include","/Users/brock/opencv/opencv-master/modules/video/include","/Users/brock/opencv/opencv-master/modules/gapi/include","$(inherited)");
				USE_HEADERMAP = NO;
				WARNING_CFLAGS = ("$(inherited)");
			};
			name = RelWithDebInfo;
		};
		FF99206CF96E4EB78CD2FF98 /* Release */ = {
			isa = XCBuildConfiguration;
			buildSettings = {
				COMBINE_HIDPI_IMAGES = YES;
				EXECUTABLE_PREFIX = "";
				EXECUTABLE_SUFFIX = "";
				GCC_GENERATE_DEBUGGING_SYMBOLS = NO;
				GCC_INLINES_ARE_PRIVATE_EXTERN = NO;
				GCC_OPTIMIZATION_LEVEL = 3;
				GCC_PREPROCESSOR_DEFINITIONS = ("'CMAKE_INTDIR=\"$(CONFIGURATION)$(EFFECTIVE_PLATFORM_NAME)\"'","$(inherited)");
				GCC_SYMBOLS_PRIVATE_EXTERN = NO;
				INSTALL_PATH = "";
				LD_RUNPATH_SEARCH_PATHS = (/Users/brock/opencv/build/lib,"$(inherited)");
				OTHER_CPLUSPLUSFLAGS = "    -DNDEBUG '-std=gnu++14' ";
				OTHER_LDFLAGS = (" -Wl,-search_paths_first -Wl,-headerpad_max_install_names",/Users/brock/opencv/build/lib/libopencv_gapi.4.5.3.dylib,/Users/brock/opencv/build/lib/libopencv_highgui.4.5.3.dylib,/Users/brock/opencv/build/lib/libopencv_ml.4.5.3.dylib,/Users/brock/opencv/build/lib/libopencv_objdetect.4.5.3.dylib,/Users/brock/opencv/build/lib/libopencv_photo.4.5.3.dylib,/Users/brock/opencv/build/lib/libopencv_stitching.4.5.3.dylib,/Users/brock/opencv/build/lib/libopencv_video.4.5.3.dylib,/Users/brock/opencv/build/lib/libopencv_videoio.4.5.3.dylib,/Users/brock/opencv/build/lib/libopencv_dnn.4.5.3.dylib,/Users/brock/opencv/build/lib/libopencv_imgcodecs.4.5.3.dylib,/Users/brock/opencv/build/lib/libopencv_calib3d.4.5.3.dylib,/Users/brock/opencv/build/lib/libopencv_features2d.4.5.3.dylib,/Users/brock/opencv/build/lib/libopencv_flann.4.5.3.dylib,/Users/brock/opencv/build/lib/libopencv_imgproc.4.5.3.dylib,/Users/brock/opencv/build/lib/libopencv_core.4.5.3.dylib,"$(inherited)");
				OTHER_REZFLAGS = "";
				PRODUCT_NAME = gray2binary;
				SECTORDER_FLAGS = "";
				SYMROOT = "/Users/brock/dev/projects/Image-Processing-Tutorial-0-Setting-Up-OpenCV";
				SYSTEM_HEADER_SEARCH_PATHS = (/Users/brock/opencv/build,"/Users/brock/opencv/opencv-master/include","/Users/brock/opencv/opencv-master/modules/core/include","/Users/brock/opencv/opencv-master/modules/flann/include","/Users/brock/opencv/opencv-master/modules/imgproc/include","/Users/brock/opencv/opencv-master/modules/ml/include","/Users/brock/opencv/opencv-master/modules/photo/include","/Users/brock/opencv/opencv-master/modules/dnn/include","/Users/brock/opencv/opencv-master/modules/features2d/include","/Users/brock/opencv/opencv-master/modules/imgcodecs/include","/Users/brock/opencv/opencv-master/modules/videoio/include","/Users/brock/opencv/opencv-master/modules/calib3d/include","/Users/brock/opencv/opencv-master/modules/highgui/include","/Users/brock/opencv/opencv-master/modules/objdetect/include","/Users/brock/opencv/opencv-master/modules/stitching/include","/Users/brock/opencv/opencv-master/modules/ts/include","/Users/brock/opencv/opencv-master/modules/video/include","/Users/brock/opencv/opencv-master/modules/gapi/include","$(inherited)");
				USE_HEADERMAP = NO;
				WARNING_CFLAGS = ("$(inherited)");
			};
			name = Release;
		};
		FFF73173027845DD80AC0BFE /* Debug */ = {
			isa = XCBuildConfiguration;
			buildSettings = {
				ARCHS = "$(NATIVE_ARCH_ACTUAL)";
				ONLY_ACTIVE_ARCH = YES;
				SDKROOT = /Applications/Xcode.app/Contents/Developer/Platforms/MacOSX.platform/Developer/SDKs/MacOSX11.3.sdk;
				SYMROOT = "/Users/brock/dev/projects/Image-Processing-Tutorial-0-Setting-Up-OpenCV/build";
			};
			name = Debug;
		};
/* End XCBuildConfiguration section */

/* Begin XCConfigurationList section */
		2F32B450CC85463797950E8B /* Build configuration list for PBXNativeTarget "contrast" */ = {
			isa = XCConfigurationList;
			buildConfigurations = (
				70B3563299A9449FB69176A4 /* Debug */,
				DCD8B540377746C48B648FD3 /* Release */,
				644FFB4692974736BD167F06 /* MinSizeRel */,
				076104F2160F428A83B4637B /* RelWithDebInfo */,
			);
			defaultConfigurationIsVisible = 0;
			defaultConfigurationName = Debug;
		};
		4FC3C8F824DD49A282DA1866 /* Build configuration list for PBXAggregateTarget "ZERO_CHECK" */ = {
			isa = XCConfigurationList;
			buildConfigurations = (
				F648F51B8D1F46E090243087 /* Debug */,
				CDB9B88B9F3543A0B6DE57CF /* Release */,
				58485B558A97430B9DACACFC /* MinSizeRel */,
				E3E6CA21FE2B420684875A6A /* RelWithDebInfo */,
			);
			defaultConfigurationIsVisible = 0;
			defaultConfigurationName = Debug;
		};
		931E2F448AE941F5AA087B70 /* Build configuration list for PBXAggregateTarget "ALL_BUILD" */ = {
			isa = XCConfigurationList;
			buildConfigurations = (
				6990D70AAA244B92B19FF2E7 /* Debug */,
				7349AD3D324749A7ACF1E513 /* Release */,
				4A9642BF0116403692B11475 /* MinSizeRel */,
				0D93A39955A04011915D8623 /* RelWithDebInfo */,
			);
			defaultConfigurationIsVisible = 0;
			defaultConfigurationName = Debug;
		};
		A0E9BC97E3AD45DAA7DAAD2B /* Build configuration list for PBXNativeTarget "rgb2gray" */ = {
			isa = XCConfigurationList;
			buildConfigurations = (
				5E15AFFDC0FA42FDA9E82648 /* Debug */,
				F391FCB7CAF0468C9A54D027 /* Release */,
				0889E66126244390A9E68DC8 /* MinSizeRel */,
				F8EAE105E4DE40C8862CF40E /* RelWithDebInfo */,
			);
			defaultConfigurationIsVisible = 0;
			defaultConfigurationName = Debug;
		};
		C88AFBBCB5D44A3D9F1B8A55 /* Build configuration list for PBXNativeTarget "brightness" */ = {
			isa = XCConfigurationList;
			buildConfigurations = (
				886673D66585478AB13AE5DB /* Debug */,
				20F03676A1B6412283DB3430 /* Release */,
				1486F7227ED6428D82CB1EFB /* MinSizeRel */,
				2C5FF4A9465549C88C243FF6 /* RelWithDebInfo */,
			);
			defaultConfigurationIsVisible = 0;
			defaultConfigurationName = Debug;
		};
		D50338AA608347CBB373147C /* Build configuration list for PBXNativeTarget "gray2binary" */ = {
			isa = XCConfigurationList;
			buildConfigurations = (
				1A6ABB35774248DCBBEBBD13 /* Debug */,
				FF99206CF96E4EB78CD2FF98 /* Release */,
				EB8F8E924F874698AE3D9027 /* MinSizeRel */,
				32AEECE0712D4EFF8E2869AE /* RelWithDebInfo */,
			);
			defaultConfigurationIsVisible = 0;
			defaultConfigurationName = Debug;
		};
		D63FB9C268664A299EEC10AD /* Build configuration list for PBXProject "assignment-one" */ = {
			isa = XCConfigurationList;
			buildConfigurations = (
				FFF73173027845DD80AC0BFE /* Debug */,
				B2FA551420404BF9ADF25C8D /* Release */,
				F2E7C9E2CD204923BCE09B07 /* MinSizeRel */,
				E003FAE3468B4D87B24B7F95 /* RelWithDebInfo */,
			);
			defaultConfigurationIsVisible = 0;
			defaultConfigurationName = Debug;
		};
/* End XCConfigurationList section */
	};
	rootObject = 91B06A3EF6AB43C38FED313D /* Project object */;
}
